
Microsoft Visual Studio Solution File, Format Version 12.00
# Visual Studio 15
VisualStudioVersion = 15.0.27130.2010
MinimumVisualStudioVersion = 10.0.40219.1
Project("{D954291E-2A0B-460D-934E-DC6B0785DB48}") = "SkiaSharp.Views.Forms.Shared", "..\..\..\source\SkiaSharp.Views.Forms\SkiaSharp.Views.Forms.Shared\SkiaSharp.Views.Forms.Shared.shproj", "{314FB505-9858-4E03-B799-91B0BA627D05}"
EndProject
Project("{FAE04EC0-301F-11D3-BF4B-00C04F79EFBC}") = "SkiaSharp.Views.Forms.UWP-v3", "..\..\..\source\SkiaSharp.Views.Forms\SkiaSharp.Views.Forms.UWP-v3\SkiaSharp.Views.Forms.UWP-v3.csproj", "{AA4F420D-BAFF-4CBD-83CA-733BA27A4ABC}"
EndProject
Project("{FAE04EC0-301F-11D3-BF4B-00C04F79EFBC}") = "SkiaSharp.Views.Forms.Android-v3", "..\..\..\source\SkiaSharp.Views.Forms\SkiaSharp.Views.Forms.Android-v3\SkiaSharp.Views.Forms.Android-v3.csproj", "{F617BFC8-373E-4C91-B06A-E2F74307DCC3}"
EndProject
Project("{FAE04EC0-301F-11D3-BF4B-00C04F79EFBC}") = "SkiaSharp.Views.Forms.iOS-v3", "..\..\..\source\SkiaSharp.Views.Forms\SkiaSharp.Views.Forms.iOS-v3\SkiaSharp.Views.Forms.iOS-v3.csproj", "{98648755-2DB2-45C0-BD7E-8420C57D4FFB}"
EndProject
Project("{FAE04EC0-301F-11D3-BF4B-00C04F79EFBC}") = "SkiaSharp.Views.iOS", "..\..\..\source\SkiaSharp.Views\SkiaSharp.Views.iOS\SkiaSharp.Views.iOS.csproj", "{74C78108-9199-4A7A-928C-FC4DC57D0AE4}"
EndProject
Project("{FAE04EC0-301F-11D3-BF4B-00C04F79EFBC}") = "SkiaSharp.Views.Android", "..\..\..\source\SkiaSharp.Views\SkiaSharp.Views.Android\SkiaSharp.Views.Android.csproj", "{926C8D29-E047-4F4E-8B35-852E47BFA9F5}"
EndProject
Project("{FAE04EC0-301F-11D3-BF4B-00C04F79EFBC}") = "SkiaSharp.Views.Mac", "..\..\..\source\SkiaSharp.Views\SkiaSharp.Views.Mac\SkiaSharp.Views.Mac.csproj", "{809A15DC-E675-4A24-83FA-DF13160F7E4C}"
EndProject
Project("{D954291E-2A0B-460D-934E-DC6B0785DB48}") = "SkiaSharp.Views.Apple", "..\..\..\source\SkiaSharp.Views\SkiaSharp.Views.Apple\SkiaSharp.Views.Apple.shproj", "{CBCA14E7-96C9-4697-909C-19B1EF7298F7}"
EndProject
Project("{D954291E-2A0B-460D-934E-DC6B0785DB48}") = "SkiaSharp.Views.AppleiOS", "..\..\..\source\SkiaSharp.Views\SkiaSharp.Views.AppleiOS\SkiaSharp.Views.AppleiOS.shproj", "{FF4C9F9F-7A6A-44D1-8338-D30E39E4E9D4}"
EndProject
Project("{FAE04EC0-301F-11D3-BF4B-00C04F79EFBC}") = "SkiaSharp.Views.Desktop", "..\..\..\source\SkiaSharp.Views\SkiaSharp.Views.Desktop\SkiaSharp.Views.Desktop.csproj", "{E5A90865-C185-45AD-88D1-6DA7D6004B03}"
EndProject
Project("{FAE04EC0-301F-11D3-BF4B-00C04F79EFBC}") = "SkiaSharp.Views.UWP", "..\..\..\source\SkiaSharp.Views\SkiaSharp.Views.UWP\SkiaSharp.Views.UWP.csproj", "{8BB20362-91A2-4206-944D-634070EAC6F3}"
EndProject
Project("{D954291E-2A0B-460D-934E-DC6B0785DB48}") = "SkiaSharp.Views.Shared", "..\..\..\source\SkiaSharp.Views\SkiaSharp.Views.Shared\SkiaSharp.Views.Shared.shproj", "{5A67972C-1C04-4913-9950-06A03BFE9533}"
EndProject
Project("{D954291E-2A0B-460D-934E-DC6B0785DB48}") = "Binding", "..\..\..\binding\Binding\Binding.shproj", "{9C502B9A-25D4-473F-89BD-5A13DDE16354}"
EndProject
Project("{FAE04EC0-301F-11D3-BF4B-00C04F79EFBC}") = "SkiaSharp.Android", "..\..\..\binding\SkiaSharp.Android\SkiaSharp.Android.csproj", "{C737DC80-5B71-4B26-A2DC-DA30421788B0}"
EndProject
Project("{FAE04EC0-301F-11D3-BF4B-00C04F79EFBC}") = "SkiaSharp.iOS", "..\..\..\binding\SkiaSharp.iOS\SkiaSharp.iOS.csproj", "{6A678CFB-21A7-4E81-8909-FD72ABBFD408}"
EndProject
Project("{FAE04EC0-301F-11D3-BF4B-00C04F79EFBC}") = "SkiaSharp.OSX", "..\..\..\binding\SkiaSharp.OSX\SkiaSharp.OSX.csproj", "{4588A759-3853-49B8-8A68-6C7917BE9220}"
EndProject
Project("{FAE04EC0-301F-11D3-BF4B-00C04F79EFBC}") = "SkiaSharp.Desktop", "..\..\..\binding\SkiaSharp.Desktop\SkiaSharp.Desktop.csproj", "{EB1BBDCC-FB07-40D5-8B9E-0079E2C2F2DF}"
EndProject
Project("{FAE04EC0-301F-11D3-BF4B-00C04F79EFBC}") = "SkiaSharp.UWP", "..\..\..\binding\SkiaSharp.UWP\SkiaSharp.UWP.csproj", "{BAB615AA-956E-4079-B260-DD7B1F52EC7D}"
EndProject
Project("{FAE04EC0-301F-11D3-BF4B-00C04F79EFBC}") = "SkiaSharp.Views.WPF", "..\..\..\source\SkiaSharp.Views\SkiaSharp.Views.WPF\SkiaSharp.Views.WPF.csproj", "{743CF830-D458-41A9-865A-F85126562015}"
EndProject
Project("{9A19103F-16F7-4668-BE54-9A1E7A4F7556}") = "SkiaSharp.NetStandard", "..\..\..\binding\SkiaSharp.NetStandard\SkiaSharp.NetStandard.csproj", "{4E0924F8-D546-4428-9412-4B9411FBA5FF}"
EndProject
Project("{D954291E-2A0B-460D-934E-DC6B0785DB48}") = "SkiaSharp.Views.Forms.Native.Shared", "..\..\..\source\SkiaSharp.Views.Forms\SkiaSharp.Views.Forms.Native.Shared\SkiaSharp.Views.Forms.Native.Shared.shproj", "{CEBD25FD-DD4F-4D5F-B809-D50D02176F41}"
EndProject
Project("{FAE04EC0-301F-11D3-BF4B-00C04F79EFBC}") = "SkiaSharp.Views.Forms.Mac-v3", "..\..\..\source\SkiaSharp.Views.Forms\SkiaSharp.Views.Forms.Mac-v3\SkiaSharp.Views.Forms.Mac-v3.csproj", "{8071A579-959D-4ED4-B05F-4DACAFEFA271}"
EndProject
Project("{D954291E-2A0B-460D-934E-DC6B0785DB48}") = "Binding.Shared", "..\..\..\binding\Binding.Shared\Binding.Shared.shproj", "{6F8349DC-90AC-441D-8B8B-BE623F46BE6D}"
EndProject
Project("{9A19103F-16F7-4668-BE54-9A1E7A4F7556}") = "SkiaSharp.Views.Forms-v3", "..\..\..\source\SkiaSharp.Views.Forms\SkiaSharp.Views.Forms-v3\SkiaSharp.Views.Forms-v3.csproj", "{99411A8A-1F8C-469C-AC10-E72F28EDB376}"
EndProject
Project("{FAE04EC0-301F-11D3-BF4B-00C04F79EFBC}") = "SkiaSharp.Views.Gtk", "..\..\..\source\SkiaSharp.Views\SkiaSharp.Views.Gtk\SkiaSharp.Views.Gtk.csproj", "{67A502A4-E8B2-419A-811E-5A634B29C8D7}"
EndProject
Project("{FAE04EC0-301F-11D3-BF4B-00C04F79EFBC}") = "SkiaSharpSample.Android", "SkiaSharpSample.Android\SkiaSharpSample.Android.csproj", "{1A87975A-FCF4-4E76-B42C-520759758F59}"
EndProject
Project("{FAE04EC0-301F-11D3-BF4B-00C04F79EFBC}") = "SkiaSharpSample.iOS", "SkiaSharpSample.iOS\SkiaSharpSample.iOS.csproj", "{6046F8C0-94A1-4590-96E1-727BD3976481}"
EndProject
Project("{FAE04EC0-301F-11D3-BF4B-00C04F79EFBC}") = "SkiaSharpSample.UWP", "SkiaSharpSample.UWP\SkiaSharpSample.UWP.csproj", "{8D2128D5-9893-4869-8F69-6AD16779AC64}"
EndProject
Project("{9A19103F-16F7-4668-BE54-9A1E7A4F7556}") = "SkiaSharpSample", "SkiaSharpSample\SkiaSharpSample.csproj", "{B178E8E3-A5AD-4C98-B365-86E05EE53643}"
EndProject
Project("{FAE04EC0-301F-11D3-BF4B-00C04F79EFBC}") = "SkiaSharpSample.macOS", "SkiaSharpSample.macOS\SkiaSharpSample.macOS.csproj", "{1D7EC18C-1780-4C46-8736-A3661DA20AEE}"
EndProject
Project("{FAE04EC0-301F-11D3-BF4B-00C04F79EFBC}") = "SkiaSharp.Views.Forms.WPF-v3", "..\..\..\source\SkiaSharp.Views.Forms\SkiaSharp.Views.Forms.WPF-v3\SkiaSharp.Views.Forms.WPF-v3.csproj", "{291B7185-0811-45A0-AD96-9E3926B1123B}"
EndProject
Project("{FAE04EC0-301F-11D3-BF4B-00C04F79EFBC}") = "SkiaSharpSample.WPF", "SkiaSharpSample.WPF\SkiaSharpSample.WPF.csproj", "{1951D0E0-B47F-4608-982A-39F57828BFFA}"
EndProject
Project("{FAE04EC0-301F-11D3-BF4B-00C04F79EFBC}") = "SkiaSharpSample.Gtk", "SkiaSharpSample.Gtk\SkiaSharpSample.Gtk.csproj", "{17521786-7B50-46C5-BBCE-999FDEBB45A3}"
EndProject
Project("{FAE04EC0-301F-11D3-BF4B-00C04F79EFBC}") = "SkiaSharp.Views.Forms.Gtk-v3", "..\..\..\source\SkiaSharp.Views.Forms\SkiaSharp.Views.Forms.Gtk-v3\SkiaSharp.Views.Forms.Gtk-v3.csproj", "{CA0B9C88-2B3C-4464-A7BF-07C7FED8778A}"
EndProject
Global
	GlobalSection(SharedMSBuildProjectFiles) = preSolution
		..\..\..\source\SkiaSharp.Views.Forms\SkiaSharp.Views.Forms.Shared\SkiaSharp.Views.Forms.Shared.projitems*{291b7185-0811-45a0-ad96-9e3926b1123b}*SharedItemsImports = 4
		..\..\..\source\SkiaSharp.Views.Forms\SkiaSharp.Views.Forms.Shared\SkiaSharp.Views.Forms.Shared.projitems*{314fb505-9858-4e03-b799-91b0ba627d05}*SharedItemsImports = 13
		..\..\..\binding\Binding.Shared\Binding.Shared.projitems*{4588a759-3853-49b8-8a68-6c7917be9220}*SharedItemsImports = 4
		..\..\..\binding\Binding\Binding.projitems*{4588a759-3853-49b8-8a68-6c7917be9220}*SharedItemsImports = 4
		..\..\..\binding\Binding\Binding.projitems*{4e0924f8-d546-4428-9412-4b9411fba5ff}*SharedItemsImports = 4
		..\..\..\source\SkiaSharp.Views\SkiaSharp.Views.Shared\SkiaSharp.Views.Shared.projitems*{5a67972c-1c04-4913-9950-06a03bfe9533}*SharedItemsImports = 13
		..\..\..\binding\Binding.Shared\Binding.Shared.projitems*{6a678cfb-21a7-4e81-8909-fd72abbfd408}*SharedItemsImports = 4
		..\..\..\binding\Binding\Binding.projitems*{6a678cfb-21a7-4e81-8909-fd72abbfd408}*SharedItemsImports = 4
		..\..\..\binding\Binding.Shared\Binding.Shared.projitems*{6f8349dc-90ac-441d-8b8b-be623f46be6d}*SharedItemsImports = 13
		..\..\..\source\SkiaSharp.Views\SkiaSharp.Views.AppleiOS\SkiaSharp.Views.AppleiOS.projitems*{74c78108-9199-4a7a-928c-fc4dc57d0ae4}*SharedItemsImports = 4
		..\..\..\source\SkiaSharp.Views\SkiaSharp.Views.Apple\SkiaSharp.Views.Apple.projitems*{74c78108-9199-4a7a-928c-fc4dc57d0ae4}*SharedItemsImports = 4
		..\..\..\source\SkiaSharp.Views\SkiaSharp.Views.Shared\SkiaSharp.Views.Shared.projitems*{74c78108-9199-4a7a-928c-fc4dc57d0ae4}*SharedItemsImports = 4
		..\..\..\source\SkiaSharp.Views.Forms\SkiaSharp.Views.Forms.Native.Shared\SkiaSharp.Views.Forms.Native.Shared.projitems*{8071a579-959d-4ed4-b05f-4dacafefa271}*SharedItemsImports = 4
		..\..\..\source\SkiaSharp.Views.Forms\SkiaSharp.Views.Forms.Shared\SkiaSharp.Views.Forms.Shared.projitems*{8071a579-959d-4ed4-b05f-4dacafefa271}*SharedItemsImports = 4
		..\..\..\source\SkiaSharp.Views\SkiaSharp.Views.Apple\SkiaSharp.Views.Apple.projitems*{809a15dc-e675-4a24-83fa-df13160f7e4c}*SharedItemsImports = 4
		..\..\..\source\SkiaSharp.Views\SkiaSharp.Views.Shared\SkiaSharp.Views.Shared.projitems*{809a15dc-e675-4a24-83fa-df13160f7e4c}*SharedItemsImports = 4
		..\..\..\source\SkiaSharp.Views\SkiaSharp.Views.Shared\SkiaSharp.Views.Shared.projitems*{8bb20362-91a2-4206-944d-634070eac6f3}*SharedItemsImports = 4
		..\..\..\source\SkiaSharp.Views\SkiaSharp.Views.Shared\SkiaSharp.Views.Shared.projitems*{926c8d29-e047-4f4e-8b35-852e47bfa9f5}*SharedItemsImports = 4
		..\..\..\source\SkiaSharp.Views.Forms\SkiaSharp.Views.Forms.Native.Shared\SkiaSharp.Views.Forms.Native.Shared.projitems*{98648755-2db2-45c0-bd7e-8420c57d4ffb}*SharedItemsImports = 4
		..\..\..\source\SkiaSharp.Views.Forms\SkiaSharp.Views.Forms.Shared\SkiaSharp.Views.Forms.Shared.projitems*{98648755-2db2-45c0-bd7e-8420c57d4ffb}*SharedItemsImports = 4
		..\..\..\binding\Binding\Binding.projitems*{9c502b9a-25d4-473f-89bd-5a13dde16354}*SharedItemsImports = 13
		..\..\..\source\SkiaSharp.Views.Forms\SkiaSharp.Views.Forms.Native.Shared\SkiaSharp.Views.Forms.Native.Shared.projitems*{aa4f420d-baff-4cbd-83ca-733ba27a4abc}*SharedItemsImports = 4
		..\..\..\source\SkiaSharp.Views.Forms\SkiaSharp.Views.Forms.Shared\SkiaSharp.Views.Forms.Shared.projitems*{aa4f420d-baff-4cbd-83ca-733ba27a4abc}*SharedItemsImports = 4
		..\..\..\binding\Binding.Shared\Binding.Shared.projitems*{bab615aa-956e-4079-b260-dd7b1f52ec7d}*SharedItemsImports = 4
		..\..\..\binding\Binding\Binding.projitems*{bab615aa-956e-4079-b260-dd7b1f52ec7d}*SharedItemsImports = 4
		..\..\..\binding\Binding.Shared\Binding.Shared.projitems*{c737dc80-5b71-4b26-a2dc-da30421788b0}*SharedItemsImports = 4
		..\..\..\binding\Binding\Binding.projitems*{c737dc80-5b71-4b26-a2dc-da30421788b0}*SharedItemsImports = 4
		..\..\..\source\SkiaSharp.Views.Forms\SkiaSharp.Views.Forms.Shared\SkiaSharp.Views.Forms.Shared.projitems*{ca0b9c88-2b3c-4464-a7bf-07c7fed8778a}*SharedItemsImports = 4
		..\..\..\source\SkiaSharp.Views\SkiaSharp.Views.Apple\SkiaSharp.Views.Apple.projitems*{cbca14e7-96c9-4697-909c-19b1ef7298f7}*SharedItemsImports = 13
		..\..\..\source\SkiaSharp.Views.Forms\SkiaSharp.Views.Forms.Native.Shared\SkiaSharp.Views.Forms.Native.Shared.projitems*{cebd25fd-dd4f-4d5f-b809-d50d02176f41}*SharedItemsImports = 13
		..\..\..\source\SkiaSharp.Views\SkiaSharp.Views.Shared\SkiaSharp.Views.Shared.projitems*{e5a90865-c185-45ad-88d1-6da7d6004b03}*SharedItemsImports = 4
		..\..\..\binding\Binding.Shared\Binding.Shared.projitems*{eb1bbdcc-fb07-40d5-8b9e-0079e2c2f2df}*SharedItemsImports = 4
		..\..\..\binding\Binding\Binding.projitems*{eb1bbdcc-fb07-40d5-8b9e-0079e2c2f2df}*SharedItemsImports = 4
		..\..\..\source\SkiaSharp.Views.Forms\SkiaSharp.Views.Forms.Native.Shared\SkiaSharp.Views.Forms.Native.Shared.projitems*{f617bfc8-373e-4c91-b06a-e2f74307dcc3}*SharedItemsImports = 4
		..\..\..\source\SkiaSharp.Views.Forms\SkiaSharp.Views.Forms.Shared\SkiaSharp.Views.Forms.Shared.projitems*{f617bfc8-373e-4c91-b06a-e2f74307dcc3}*SharedItemsImports = 4
		..\..\..\source\SkiaSharp.Views\SkiaSharp.Views.AppleiOS\SkiaSharp.Views.AppleiOS.projitems*{ff4c9f9f-7a6a-44d1-8338-d30e39e4e9d4}*SharedItemsImports = 13
	EndGlobalSection
	GlobalSection(SolutionConfigurationPlatforms) = preSolution
		Debug|Any CPU = Debug|Any CPU
		Debug|ARM = Debug|ARM
		Debug|iPhone = Debug|iPhone
		Debug|iPhoneSimulator = Debug|iPhoneSimulator
		Debug|x64 = Debug|x64
		Debug|x86 = Debug|x86
		Release|Any CPU = Release|Any CPU
		Release|ARM = Release|ARM
		Release|iPhone = Release|iPhone
		Release|iPhoneSimulator = Release|iPhoneSimulator
		Release|x64 = Release|x64
		Release|x86 = Release|x86
	EndGlobalSection
	GlobalSection(ProjectConfigurationPlatforms) = postSolution
		{AA4F420D-BAFF-4CBD-83CA-733BA27A4ABC}.Debug|Any CPU.ActiveCfg = Debug|Any CPU
		{AA4F420D-BAFF-4CBD-83CA-733BA27A4ABC}.Debug|Any CPU.Build.0 = Debug|Any CPU
		{AA4F420D-BAFF-4CBD-83CA-733BA27A4ABC}.Debug|ARM.ActiveCfg = Debug|Any CPU
		{AA4F420D-BAFF-4CBD-83CA-733BA27A4ABC}.Debug|ARM.Build.0 = Debug|Any CPU
		{AA4F420D-BAFF-4CBD-83CA-733BA27A4ABC}.Debug|iPhone.ActiveCfg = Debug|Any CPU
		{AA4F420D-BAFF-4CBD-83CA-733BA27A4ABC}.Debug|iPhone.Build.0 = Debug|Any CPU
		{AA4F420D-BAFF-4CBD-83CA-733BA27A4ABC}.Debug|iPhoneSimulator.ActiveCfg = Debug|Any CPU
		{AA4F420D-BAFF-4CBD-83CA-733BA27A4ABC}.Debug|iPhoneSimulator.Build.0 = Debug|Any CPU
		{AA4F420D-BAFF-4CBD-83CA-733BA27A4ABC}.Debug|x64.ActiveCfg = Debug|Any CPU
		{AA4F420D-BAFF-4CBD-83CA-733BA27A4ABC}.Debug|x64.Build.0 = Debug|Any CPU
		{AA4F420D-BAFF-4CBD-83CA-733BA27A4ABC}.Debug|x86.ActiveCfg = Debug|Any CPU
		{AA4F420D-BAFF-4CBD-83CA-733BA27A4ABC}.Debug|x86.Build.0 = Debug|Any CPU
		{AA4F420D-BAFF-4CBD-83CA-733BA27A4ABC}.Release|Any CPU.ActiveCfg = Release|Any CPU
		{AA4F420D-BAFF-4CBD-83CA-733BA27A4ABC}.Release|Any CPU.Build.0 = Release|Any CPU
		{AA4F420D-BAFF-4CBD-83CA-733BA27A4ABC}.Release|ARM.ActiveCfg = Release|Any CPU
		{AA4F420D-BAFF-4CBD-83CA-733BA27A4ABC}.Release|ARM.Build.0 = Release|Any CPU
		{AA4F420D-BAFF-4CBD-83CA-733BA27A4ABC}.Release|iPhone.ActiveCfg = Release|Any CPU
		{AA4F420D-BAFF-4CBD-83CA-733BA27A4ABC}.Release|iPhone.Build.0 = Release|Any CPU
		{AA4F420D-BAFF-4CBD-83CA-733BA27A4ABC}.Release|iPhoneSimulator.ActiveCfg = Release|Any CPU
		{AA4F420D-BAFF-4CBD-83CA-733BA27A4ABC}.Release|iPhoneSimulator.Build.0 = Release|Any CPU
		{AA4F420D-BAFF-4CBD-83CA-733BA27A4ABC}.Release|x64.ActiveCfg = Release|Any CPU
		{AA4F420D-BAFF-4CBD-83CA-733BA27A4ABC}.Release|x64.Build.0 = Release|Any CPU
		{AA4F420D-BAFF-4CBD-83CA-733BA27A4ABC}.Release|x86.ActiveCfg = Release|Any CPU
		{AA4F420D-BAFF-4CBD-83CA-733BA27A4ABC}.Release|x86.Build.0 = Release|Any CPU
		{F617BFC8-373E-4C91-B06A-E2F74307DCC3}.Debug|Any CPU.ActiveCfg = Debug|Any CPU
		{F617BFC8-373E-4C91-B06A-E2F74307DCC3}.Debug|Any CPU.Build.0 = Debug|Any CPU
		{F617BFC8-373E-4C91-B06A-E2F74307DCC3}.Debug|ARM.ActiveCfg = Debug|Any CPU
		{F617BFC8-373E-4C91-B06A-E2F74307DCC3}.Debug|ARM.Build.0 = Debug|Any CPU
		{F617BFC8-373E-4C91-B06A-E2F74307DCC3}.Debug|iPhone.ActiveCfg = Debug|Any CPU
		{F617BFC8-373E-4C91-B06A-E2F74307DCC3}.Debug|iPhone.Build.0 = Debug|Any CPU
		{F617BFC8-373E-4C91-B06A-E2F74307DCC3}.Debug|iPhoneSimulator.ActiveCfg = Debug|Any CPU
		{F617BFC8-373E-4C91-B06A-E2F74307DCC3}.Debug|iPhoneSimulator.Build.0 = Debug|Any CPU
		{F617BFC8-373E-4C91-B06A-E2F74307DCC3}.Debug|x64.ActiveCfg = Debug|Any CPU
		{F617BFC8-373E-4C91-B06A-E2F74307DCC3}.Debug|x64.Build.0 = Debug|Any CPU
		{F617BFC8-373E-4C91-B06A-E2F74307DCC3}.Debug|x86.ActiveCfg = Debug|Any CPU
		{F617BFC8-373E-4C91-B06A-E2F74307DCC3}.Debug|x86.Build.0 = Debug|Any CPU
		{F617BFC8-373E-4C91-B06A-E2F74307DCC3}.Release|Any CPU.ActiveCfg = Release|Any CPU
		{F617BFC8-373E-4C91-B06A-E2F74307DCC3}.Release|Any CPU.Build.0 = Release|Any CPU
		{F617BFC8-373E-4C91-B06A-E2F74307DCC3}.Release|ARM.ActiveCfg = Release|Any CPU
		{F617BFC8-373E-4C91-B06A-E2F74307DCC3}.Release|ARM.Build.0 = Release|Any CPU
		{F617BFC8-373E-4C91-B06A-E2F74307DCC3}.Release|iPhone.ActiveCfg = Release|Any CPU
		{F617BFC8-373E-4C91-B06A-E2F74307DCC3}.Release|iPhone.Build.0 = Release|Any CPU
		{F617BFC8-373E-4C91-B06A-E2F74307DCC3}.Release|iPhoneSimulator.ActiveCfg = Release|Any CPU
		{F617BFC8-373E-4C91-B06A-E2F74307DCC3}.Release|iPhoneSimulator.Build.0 = Release|Any CPU
		{F617BFC8-373E-4C91-B06A-E2F74307DCC3}.Release|x64.ActiveCfg = Release|Any CPU
		{F617BFC8-373E-4C91-B06A-E2F74307DCC3}.Release|x64.Build.0 = Release|Any CPU
		{F617BFC8-373E-4C91-B06A-E2F74307DCC3}.Release|x86.ActiveCfg = Release|Any CPU
		{F617BFC8-373E-4C91-B06A-E2F74307DCC3}.Release|x86.Build.0 = Release|Any CPU
		{98648755-2DB2-45C0-BD7E-8420C57D4FFB}.Debug|Any CPU.ActiveCfg = Debug|Any CPU
		{98648755-2DB2-45C0-BD7E-8420C57D4FFB}.Debug|Any CPU.Build.0 = Debug|Any CPU
		{98648755-2DB2-45C0-BD7E-8420C57D4FFB}.Debug|ARM.ActiveCfg = Debug|Any CPU
		{98648755-2DB2-45C0-BD7E-8420C57D4FFB}.Debug|ARM.Build.0 = Debug|Any CPU
		{98648755-2DB2-45C0-BD7E-8420C57D4FFB}.Debug|iPhone.ActiveCfg = Debug|Any CPU
		{98648755-2DB2-45C0-BD7E-8420C57D4FFB}.Debug|iPhone.Build.0 = Debug|Any CPU
		{98648755-2DB2-45C0-BD7E-8420C57D4FFB}.Debug|iPhoneSimulator.ActiveCfg = Debug|Any CPU
		{98648755-2DB2-45C0-BD7E-8420C57D4FFB}.Debug|iPhoneSimulator.Build.0 = Debug|Any CPU
		{98648755-2DB2-45C0-BD7E-8420C57D4FFB}.Debug|x64.ActiveCfg = Debug|Any CPU
		{98648755-2DB2-45C0-BD7E-8420C57D4FFB}.Debug|x64.Build.0 = Debug|Any CPU
		{98648755-2DB2-45C0-BD7E-8420C57D4FFB}.Debug|x86.ActiveCfg = Debug|Any CPU
		{98648755-2DB2-45C0-BD7E-8420C57D4FFB}.Debug|x86.Build.0 = Debug|Any CPU
		{98648755-2DB2-45C0-BD7E-8420C57D4FFB}.Release|Any CPU.ActiveCfg = Release|Any CPU
		{98648755-2DB2-45C0-BD7E-8420C57D4FFB}.Release|Any CPU.Build.0 = Release|Any CPU
		{98648755-2DB2-45C0-BD7E-8420C57D4FFB}.Release|ARM.ActiveCfg = Release|Any CPU
		{98648755-2DB2-45C0-BD7E-8420C57D4FFB}.Release|ARM.Build.0 = Release|Any CPU
		{98648755-2DB2-45C0-BD7E-8420C57D4FFB}.Release|iPhone.ActiveCfg = Release|Any CPU
		{98648755-2DB2-45C0-BD7E-8420C57D4FFB}.Release|iPhone.Build.0 = Release|Any CPU
		{98648755-2DB2-45C0-BD7E-8420C57D4FFB}.Release|iPhoneSimulator.ActiveCfg = Release|Any CPU
		{98648755-2DB2-45C0-BD7E-8420C57D4FFB}.Release|iPhoneSimulator.Build.0 = Release|Any CPU
		{98648755-2DB2-45C0-BD7E-8420C57D4FFB}.Release|x64.ActiveCfg = Release|Any CPU
		{98648755-2DB2-45C0-BD7E-8420C57D4FFB}.Release|x64.Build.0 = Release|Any CPU
		{98648755-2DB2-45C0-BD7E-8420C57D4FFB}.Release|x86.ActiveCfg = Release|Any CPU
		{98648755-2DB2-45C0-BD7E-8420C57D4FFB}.Release|x86.Build.0 = Release|Any CPU
		{74C78108-9199-4A7A-928C-FC4DC57D0AE4}.Debug|Any CPU.ActiveCfg = Debug|Any CPU
		{74C78108-9199-4A7A-928C-FC4DC57D0AE4}.Debug|Any CPU.Build.0 = Debug|Any CPU
		{74C78108-9199-4A7A-928C-FC4DC57D0AE4}.Debug|ARM.ActiveCfg = Debug|Any CPU
		{74C78108-9199-4A7A-928C-FC4DC57D0AE4}.Debug|ARM.Build.0 = Debug|Any CPU
		{74C78108-9199-4A7A-928C-FC4DC57D0AE4}.Debug|iPhone.ActiveCfg = Debug|Any CPU
		{74C78108-9199-4A7A-928C-FC4DC57D0AE4}.Debug|iPhone.Build.0 = Debug|Any CPU
		{74C78108-9199-4A7A-928C-FC4DC57D0AE4}.Debug|iPhoneSimulator.ActiveCfg = Debug|Any CPU
		{74C78108-9199-4A7A-928C-FC4DC57D0AE4}.Debug|iPhoneSimulator.Build.0 = Debug|Any CPU
		{74C78108-9199-4A7A-928C-FC4DC57D0AE4}.Debug|x64.ActiveCfg = Debug|Any CPU
		{74C78108-9199-4A7A-928C-FC4DC57D0AE4}.Debug|x64.Build.0 = Debug|Any CPU
		{74C78108-9199-4A7A-928C-FC4DC57D0AE4}.Debug|x86.ActiveCfg = Debug|Any CPU
		{74C78108-9199-4A7A-928C-FC4DC57D0AE4}.Debug|x86.Build.0 = Debug|Any CPU
		{74C78108-9199-4A7A-928C-FC4DC57D0AE4}.Release|Any CPU.ActiveCfg = Release|Any CPU
		{74C78108-9199-4A7A-928C-FC4DC57D0AE4}.Release|Any CPU.Build.0 = Release|Any CPU
		{74C78108-9199-4A7A-928C-FC4DC57D0AE4}.Release|ARM.ActiveCfg = Release|Any CPU
		{74C78108-9199-4A7A-928C-FC4DC57D0AE4}.Release|ARM.Build.0 = Release|Any CPU
		{74C78108-9199-4A7A-928C-FC4DC57D0AE4}.Release|iPhone.ActiveCfg = Release|Any CPU
		{74C78108-9199-4A7A-928C-FC4DC57D0AE4}.Release|iPhone.Build.0 = Release|Any CPU
		{74C78108-9199-4A7A-928C-FC4DC57D0AE4}.Release|iPhoneSimulator.ActiveCfg = Release|Any CPU
		{74C78108-9199-4A7A-928C-FC4DC57D0AE4}.Release|iPhoneSimulator.Build.0 = Release|Any CPU
		{74C78108-9199-4A7A-928C-FC4DC57D0AE4}.Release|x64.ActiveCfg = Release|Any CPU
		{74C78108-9199-4A7A-928C-FC4DC57D0AE4}.Release|x64.Build.0 = Release|Any CPU
		{74C78108-9199-4A7A-928C-FC4DC57D0AE4}.Release|x86.ActiveCfg = Release|Any CPU
		{74C78108-9199-4A7A-928C-FC4DC57D0AE4}.Release|x86.Build.0 = Release|Any CPU
		{926C8D29-E047-4F4E-8B35-852E47BFA9F5}.Debug|Any CPU.ActiveCfg = Debug|Any CPU
		{926C8D29-E047-4F4E-8B35-852E47BFA9F5}.Debug|Any CPU.Build.0 = Debug|Any CPU
		{926C8D29-E047-4F4E-8B35-852E47BFA9F5}.Debug|ARM.ActiveCfg = Debug|Any CPU
		{926C8D29-E047-4F4E-8B35-852E47BFA9F5}.Debug|ARM.Build.0 = Debug|Any CPU
		{926C8D29-E047-4F4E-8B35-852E47BFA9F5}.Debug|iPhone.ActiveCfg = Debug|Any CPU
		{926C8D29-E047-4F4E-8B35-852E47BFA9F5}.Debug|iPhone.Build.0 = Debug|Any CPU
		{926C8D29-E047-4F4E-8B35-852E47BFA9F5}.Debug|iPhoneSimulator.ActiveCfg = Debug|Any CPU
		{926C8D29-E047-4F4E-8B35-852E47BFA9F5}.Debug|iPhoneSimulator.Build.0 = Debug|Any CPU
		{926C8D29-E047-4F4E-8B35-852E47BFA9F5}.Debug|x64.ActiveCfg = Debug|Any CPU
		{926C8D29-E047-4F4E-8B35-852E47BFA9F5}.Debug|x64.Build.0 = Debug|Any CPU
		{926C8D29-E047-4F4E-8B35-852E47BFA9F5}.Debug|x86.ActiveCfg = Debug|Any CPU
		{926C8D29-E047-4F4E-8B35-852E47BFA9F5}.Debug|x86.Build.0 = Debug|Any CPU
		{926C8D29-E047-4F4E-8B35-852E47BFA9F5}.Release|Any CPU.ActiveCfg = Release|Any CPU
		{926C8D29-E047-4F4E-8B35-852E47BFA9F5}.Release|Any CPU.Build.0 = Release|Any CPU
		{926C8D29-E047-4F4E-8B35-852E47BFA9F5}.Release|ARM.ActiveCfg = Release|Any CPU
		{926C8D29-E047-4F4E-8B35-852E47BFA9F5}.Release|ARM.Build.0 = Release|Any CPU
		{926C8D29-E047-4F4E-8B35-852E47BFA9F5}.Release|iPhone.ActiveCfg = Release|Any CPU
		{926C8D29-E047-4F4E-8B35-852E47BFA9F5}.Release|iPhone.Build.0 = Release|Any CPU
		{926C8D29-E047-4F4E-8B35-852E47BFA9F5}.Release|iPhoneSimulator.ActiveCfg = Release|Any CPU
		{926C8D29-E047-4F4E-8B35-852E47BFA9F5}.Release|iPhoneSimulator.Build.0 = Release|Any CPU
		{926C8D29-E047-4F4E-8B35-852E47BFA9F5}.Release|x64.ActiveCfg = Release|Any CPU
		{926C8D29-E047-4F4E-8B35-852E47BFA9F5}.Release|x64.Build.0 = Release|Any CPU
		{926C8D29-E047-4F4E-8B35-852E47BFA9F5}.Release|x86.ActiveCfg = Release|Any CPU
		{926C8D29-E047-4F4E-8B35-852E47BFA9F5}.Release|x86.Build.0 = Release|Any CPU
		{809A15DC-E675-4A24-83FA-DF13160F7E4C}.Debug|Any CPU.ActiveCfg = Debug|Any CPU
		{809A15DC-E675-4A24-83FA-DF13160F7E4C}.Debug|Any CPU.Build.0 = Debug|Any CPU
		{809A15DC-E675-4A24-83FA-DF13160F7E4C}.Debug|ARM.ActiveCfg = Debug|Any CPU
		{809A15DC-E675-4A24-83FA-DF13160F7E4C}.Debug|ARM.Build.0 = Debug|Any CPU
		{809A15DC-E675-4A24-83FA-DF13160F7E4C}.Debug|iPhone.ActiveCfg = Debug|Any CPU
		{809A15DC-E675-4A24-83FA-DF13160F7E4C}.Debug|iPhone.Build.0 = Debug|Any CPU
		{809A15DC-E675-4A24-83FA-DF13160F7E4C}.Debug|iPhoneSimulator.ActiveCfg = Debug|Any CPU
		{809A15DC-E675-4A24-83FA-DF13160F7E4C}.Debug|iPhoneSimulator.Build.0 = Debug|Any CPU
		{809A15DC-E675-4A24-83FA-DF13160F7E4C}.Debug|x64.ActiveCfg = Debug|Any CPU
		{809A15DC-E675-4A24-83FA-DF13160F7E4C}.Debug|x64.Build.0 = Debug|Any CPU
		{809A15DC-E675-4A24-83FA-DF13160F7E4C}.Debug|x86.ActiveCfg = Debug|Any CPU
		{809A15DC-E675-4A24-83FA-DF13160F7E4C}.Debug|x86.Build.0 = Debug|Any CPU
		{809A15DC-E675-4A24-83FA-DF13160F7E4C}.Release|Any CPU.ActiveCfg = Release|Any CPU
		{809A15DC-E675-4A24-83FA-DF13160F7E4C}.Release|Any CPU.Build.0 = Release|Any CPU
		{809A15DC-E675-4A24-83FA-DF13160F7E4C}.Release|ARM.ActiveCfg = Release|Any CPU
		{809A15DC-E675-4A24-83FA-DF13160F7E4C}.Release|ARM.Build.0 = Release|Any CPU
		{809A15DC-E675-4A24-83FA-DF13160F7E4C}.Release|iPhone.ActiveCfg = Release|Any CPU
		{809A15DC-E675-4A24-83FA-DF13160F7E4C}.Release|iPhone.Build.0 = Release|Any CPU
		{809A15DC-E675-4A24-83FA-DF13160F7E4C}.Release|iPhoneSimulator.ActiveCfg = Release|Any CPU
		{809A15DC-E675-4A24-83FA-DF13160F7E4C}.Release|iPhoneSimulator.Build.0 = Release|Any CPU
		{809A15DC-E675-4A24-83FA-DF13160F7E4C}.Release|x64.ActiveCfg = Release|Any CPU
		{809A15DC-E675-4A24-83FA-DF13160F7E4C}.Release|x64.Build.0 = Release|Any CPU
		{809A15DC-E675-4A24-83FA-DF13160F7E4C}.Release|x86.ActiveCfg = Release|Any CPU
		{809A15DC-E675-4A24-83FA-DF13160F7E4C}.Release|x86.Build.0 = Release|Any CPU
		{E5A90865-C185-45AD-88D1-6DA7D6004B03}.Debug|Any CPU.ActiveCfg = Debug|Any CPU
		{E5A90865-C185-45AD-88D1-6DA7D6004B03}.Debug|Any CPU.Build.0 = Debug|Any CPU
		{E5A90865-C185-45AD-88D1-6DA7D6004B03}.Debug|ARM.ActiveCfg = Debug|Any CPU
		{E5A90865-C185-45AD-88D1-6DA7D6004B03}.Debug|ARM.Build.0 = Debug|Any CPU
		{E5A90865-C185-45AD-88D1-6DA7D6004B03}.Debug|iPhone.ActiveCfg = Debug|Any CPU
		{E5A90865-C185-45AD-88D1-6DA7D6004B03}.Debug|iPhone.Build.0 = Debug|Any CPU
		{E5A90865-C185-45AD-88D1-6DA7D6004B03}.Debug|iPhoneSimulator.ActiveCfg = Debug|Any CPU
		{E5A90865-C185-45AD-88D1-6DA7D6004B03}.Debug|iPhoneSimulator.Build.0 = Debug|Any CPU
		{E5A90865-C185-45AD-88D1-6DA7D6004B03}.Debug|x64.ActiveCfg = Debug|Any CPU
		{E5A90865-C185-45AD-88D1-6DA7D6004B03}.Debug|x64.Build.0 = Debug|Any CPU
		{E5A90865-C185-45AD-88D1-6DA7D6004B03}.Debug|x86.ActiveCfg = Debug|Any CPU
		{E5A90865-C185-45AD-88D1-6DA7D6004B03}.Debug|x86.Build.0 = Debug|Any CPU
		{E5A90865-C185-45AD-88D1-6DA7D6004B03}.Release|Any CPU.ActiveCfg = Release|Any CPU
		{E5A90865-C185-45AD-88D1-6DA7D6004B03}.Release|Any CPU.Build.0 = Release|Any CPU
		{E5A90865-C185-45AD-88D1-6DA7D6004B03}.Release|ARM.ActiveCfg = Release|Any CPU
		{E5A90865-C185-45AD-88D1-6DA7D6004B03}.Release|ARM.Build.0 = Release|Any CPU
		{E5A90865-C185-45AD-88D1-6DA7D6004B03}.Release|iPhone.ActiveCfg = Release|Any CPU
		{E5A90865-C185-45AD-88D1-6DA7D6004B03}.Release|iPhone.Build.0 = Release|Any CPU
		{E5A90865-C185-45AD-88D1-6DA7D6004B03}.Release|iPhoneSimulator.ActiveCfg = Release|Any CPU
		{E5A90865-C185-45AD-88D1-6DA7D6004B03}.Release|iPhoneSimulator.Build.0 = Release|Any CPU
		{E5A90865-C185-45AD-88D1-6DA7D6004B03}.Release|x64.ActiveCfg = Release|Any CPU
		{E5A90865-C185-45AD-88D1-6DA7D6004B03}.Release|x64.Build.0 = Release|Any CPU
		{E5A90865-C185-45AD-88D1-6DA7D6004B03}.Release|x86.ActiveCfg = Release|Any CPU
		{E5A90865-C185-45AD-88D1-6DA7D6004B03}.Release|x86.Build.0 = Release|Any CPU
		{8BB20362-91A2-4206-944D-634070EAC6F3}.Debug|Any CPU.ActiveCfg = Debug|Any CPU
		{8BB20362-91A2-4206-944D-634070EAC6F3}.Debug|Any CPU.Build.0 = Debug|Any CPU
		{8BB20362-91A2-4206-944D-634070EAC6F3}.Debug|ARM.ActiveCfg = Debug|Any CPU
		{8BB20362-91A2-4206-944D-634070EAC6F3}.Debug|ARM.Build.0 = Debug|Any CPU
		{8BB20362-91A2-4206-944D-634070EAC6F3}.Debug|iPhone.ActiveCfg = Debug|Any CPU
		{8BB20362-91A2-4206-944D-634070EAC6F3}.Debug|iPhone.Build.0 = Debug|Any CPU
		{8BB20362-91A2-4206-944D-634070EAC6F3}.Debug|iPhoneSimulator.ActiveCfg = Debug|Any CPU
		{8BB20362-91A2-4206-944D-634070EAC6F3}.Debug|iPhoneSimulator.Build.0 = Debug|Any CPU
		{8BB20362-91A2-4206-944D-634070EAC6F3}.Debug|x64.ActiveCfg = Debug|Any CPU
		{8BB20362-91A2-4206-944D-634070EAC6F3}.Debug|x64.Build.0 = Debug|Any CPU
		{8BB20362-91A2-4206-944D-634070EAC6F3}.Debug|x86.ActiveCfg = Debug|Any CPU
		{8BB20362-91A2-4206-944D-634070EAC6F3}.Debug|x86.Build.0 = Debug|Any CPU
		{8BB20362-91A2-4206-944D-634070EAC6F3}.Release|Any CPU.ActiveCfg = Release|Any CPU
		{8BB20362-91A2-4206-944D-634070EAC6F3}.Release|Any CPU.Build.0 = Release|Any CPU
		{8BB20362-91A2-4206-944D-634070EAC6F3}.Release|ARM.ActiveCfg = Release|Any CPU
		{8BB20362-91A2-4206-944D-634070EAC6F3}.Release|ARM.Build.0 = Release|Any CPU
		{8BB20362-91A2-4206-944D-634070EAC6F3}.Release|iPhone.ActiveCfg = Release|Any CPU
		{8BB20362-91A2-4206-944D-634070EAC6F3}.Release|iPhone.Build.0 = Release|Any CPU
		{8BB20362-91A2-4206-944D-634070EAC6F3}.Release|iPhoneSimulator.ActiveCfg = Release|Any CPU
		{8BB20362-91A2-4206-944D-634070EAC6F3}.Release|iPhoneSimulator.Build.0 = Release|Any CPU
		{8BB20362-91A2-4206-944D-634070EAC6F3}.Release|x64.ActiveCfg = Release|Any CPU
		{8BB20362-91A2-4206-944D-634070EAC6F3}.Release|x64.Build.0 = Release|Any CPU
		{8BB20362-91A2-4206-944D-634070EAC6F3}.Release|x86.ActiveCfg = Release|Any CPU
		{8BB20362-91A2-4206-944D-634070EAC6F3}.Release|x86.Build.0 = Release|Any CPU
		{C737DC80-5B71-4B26-A2DC-DA30421788B0}.Debug|Any CPU.ActiveCfg = Debug|Any CPU
		{C737DC80-5B71-4B26-A2DC-DA30421788B0}.Debug|Any CPU.Build.0 = Debug|Any CPU
		{C737DC80-5B71-4B26-A2DC-DA30421788B0}.Debug|ARM.ActiveCfg = Debug|Any CPU
		{C737DC80-5B71-4B26-A2DC-DA30421788B0}.Debug|ARM.Build.0 = Debug|Any CPU
		{C737DC80-5B71-4B26-A2DC-DA30421788B0}.Debug|iPhone.ActiveCfg = Debug|Any CPU
		{C737DC80-5B71-4B26-A2DC-DA30421788B0}.Debug|iPhone.Build.0 = Debug|Any CPU
		{C737DC80-5B71-4B26-A2DC-DA30421788B0}.Debug|iPhoneSimulator.ActiveCfg = Debug|Any CPU
		{C737DC80-5B71-4B26-A2DC-DA30421788B0}.Debug|iPhoneSimulator.Build.0 = Debug|Any CPU
		{C737DC80-5B71-4B26-A2DC-DA30421788B0}.Debug|x64.ActiveCfg = Debug|Any CPU
		{C737DC80-5B71-4B26-A2DC-DA30421788B0}.Debug|x64.Build.0 = Debug|Any CPU
		{C737DC80-5B71-4B26-A2DC-DA30421788B0}.Debug|x86.ActiveCfg = Debug|Any CPU
		{C737DC80-5B71-4B26-A2DC-DA30421788B0}.Debug|x86.Build.0 = Debug|Any CPU
		{C737DC80-5B71-4B26-A2DC-DA30421788B0}.Release|Any CPU.ActiveCfg = Release|Any CPU
		{C737DC80-5B71-4B26-A2DC-DA30421788B0}.Release|Any CPU.Build.0 = Release|Any CPU
		{C737DC80-5B71-4B26-A2DC-DA30421788B0}.Release|ARM.ActiveCfg = Release|Any CPU
		{C737DC80-5B71-4B26-A2DC-DA30421788B0}.Release|ARM.Build.0 = Release|Any CPU
		{C737DC80-5B71-4B26-A2DC-DA30421788B0}.Release|iPhone.ActiveCfg = Release|Any CPU
		{C737DC80-5B71-4B26-A2DC-DA30421788B0}.Release|iPhone.Build.0 = Release|Any CPU
		{C737DC80-5B71-4B26-A2DC-DA30421788B0}.Release|iPhoneSimulator.ActiveCfg = Release|Any CPU
		{C737DC80-5B71-4B26-A2DC-DA30421788B0}.Release|iPhoneSimulator.Build.0 = Release|Any CPU
		{C737DC80-5B71-4B26-A2DC-DA30421788B0}.Release|x64.ActiveCfg = Release|Any CPU
		{C737DC80-5B71-4B26-A2DC-DA30421788B0}.Release|x64.Build.0 = Release|Any CPU
		{C737DC80-5B71-4B26-A2DC-DA30421788B0}.Release|x86.ActiveCfg = Release|Any CPU
		{C737DC80-5B71-4B26-A2DC-DA30421788B0}.Release|x86.Build.0 = Release|Any CPU
		{6A678CFB-21A7-4E81-8909-FD72ABBFD408}.Debug|Any CPU.ActiveCfg = Debug|Any CPU
		{6A678CFB-21A7-4E81-8909-FD72ABBFD408}.Debug|Any CPU.Build.0 = Debug|Any CPU
		{6A678CFB-21A7-4E81-8909-FD72ABBFD408}.Debug|ARM.ActiveCfg = Debug|Any CPU
		{6A678CFB-21A7-4E81-8909-FD72ABBFD408}.Debug|ARM.Build.0 = Debug|Any CPU
		{6A678CFB-21A7-4E81-8909-FD72ABBFD408}.Debug|iPhone.ActiveCfg = Debug|Any CPU
		{6A678CFB-21A7-4E81-8909-FD72ABBFD408}.Debug|iPhone.Build.0 = Debug|Any CPU
		{6A678CFB-21A7-4E81-8909-FD72ABBFD408}.Debug|iPhoneSimulator.ActiveCfg = Debug|Any CPU
		{6A678CFB-21A7-4E81-8909-FD72ABBFD408}.Debug|iPhoneSimulator.Build.0 = Debug|Any CPU
		{6A678CFB-21A7-4E81-8909-FD72ABBFD408}.Debug|x64.ActiveCfg = Debug|Any CPU
		{6A678CFB-21A7-4E81-8909-FD72ABBFD408}.Debug|x64.Build.0 = Debug|Any CPU
		{6A678CFB-21A7-4E81-8909-FD72ABBFD408}.Debug|x86.ActiveCfg = Debug|Any CPU
		{6A678CFB-21A7-4E81-8909-FD72ABBFD408}.Debug|x86.Build.0 = Debug|Any CPU
		{6A678CFB-21A7-4E81-8909-FD72ABBFD408}.Release|Any CPU.ActiveCfg = Release|Any CPU
		{6A678CFB-21A7-4E81-8909-FD72ABBFD408}.Release|Any CPU.Build.0 = Release|Any CPU
		{6A678CFB-21A7-4E81-8909-FD72ABBFD408}.Release|ARM.ActiveCfg = Release|Any CPU
		{6A678CFB-21A7-4E81-8909-FD72ABBFD408}.Release|ARM.Build.0 = Release|Any CPU
		{6A678CFB-21A7-4E81-8909-FD72ABBFD408}.Release|iPhone.ActiveCfg = Release|Any CPU
		{6A678CFB-21A7-4E81-8909-FD72ABBFD408}.Release|iPhone.Build.0 = Release|Any CPU
		{6A678CFB-21A7-4E81-8909-FD72ABBFD408}.Release|iPhoneSimulator.ActiveCfg = Release|Any CPU
		{6A678CFB-21A7-4E81-8909-FD72ABBFD408}.Release|iPhoneSimulator.Build.0 = Release|Any CPU
		{6A678CFB-21A7-4E81-8909-FD72ABBFD408}.Release|x64.ActiveCfg = Release|Any CPU
		{6A678CFB-21A7-4E81-8909-FD72ABBFD408}.Release|x64.Build.0 = Release|Any CPU
		{6A678CFB-21A7-4E81-8909-FD72ABBFD408}.Release|x86.ActiveCfg = Release|Any CPU
		{6A678CFB-21A7-4E81-8909-FD72ABBFD408}.Release|x86.Build.0 = Release|Any CPU
		{4588A759-3853-49B8-8A68-6C7917BE9220}.Debug|Any CPU.ActiveCfg = Debug|Any CPU
		{4588A759-3853-49B8-8A68-6C7917BE9220}.Debug|Any CPU.Build.0 = Debug|Any CPU
		{4588A759-3853-49B8-8A68-6C7917BE9220}.Debug|ARM.ActiveCfg = Debug|Any CPU
		{4588A759-3853-49B8-8A68-6C7917BE9220}.Debug|ARM.Build.0 = Debug|Any CPU
		{4588A759-3853-49B8-8A68-6C7917BE9220}.Debug|iPhone.ActiveCfg = Debug|Any CPU
		{4588A759-3853-49B8-8A68-6C7917BE9220}.Debug|iPhone.Build.0 = Debug|Any CPU
		{4588A759-3853-49B8-8A68-6C7917BE9220}.Debug|iPhoneSimulator.ActiveCfg = Debug|Any CPU
		{4588A759-3853-49B8-8A68-6C7917BE9220}.Debug|iPhoneSimulator.Build.0 = Debug|Any CPU
		{4588A759-3853-49B8-8A68-6C7917BE9220}.Debug|x64.ActiveCfg = Debug|Any CPU
		{4588A759-3853-49B8-8A68-6C7917BE9220}.Debug|x64.Build.0 = Debug|Any CPU
		{4588A759-3853-49B8-8A68-6C7917BE9220}.Debug|x86.ActiveCfg = Debug|Any CPU
		{4588A759-3853-49B8-8A68-6C7917BE9220}.Debug|x86.Build.0 = Debug|Any CPU
		{4588A759-3853-49B8-8A68-6C7917BE9220}.Release|Any CPU.ActiveCfg = Release|Any CPU
		{4588A759-3853-49B8-8A68-6C7917BE9220}.Release|Any CPU.Build.0 = Release|Any CPU
		{4588A759-3853-49B8-8A68-6C7917BE9220}.Release|ARM.ActiveCfg = Release|Any CPU
		{4588A759-3853-49B8-8A68-6C7917BE9220}.Release|ARM.Build.0 = Release|Any CPU
		{4588A759-3853-49B8-8A68-6C7917BE9220}.Release|iPhone.ActiveCfg = Release|Any CPU
		{4588A759-3853-49B8-8A68-6C7917BE9220}.Release|iPhone.Build.0 = Release|Any CPU
		{4588A759-3853-49B8-8A68-6C7917BE9220}.Release|iPhoneSimulator.ActiveCfg = Release|Any CPU
		{4588A759-3853-49B8-8A68-6C7917BE9220}.Release|iPhoneSimulator.Build.0 = Release|Any CPU
		{4588A759-3853-49B8-8A68-6C7917BE9220}.Release|x64.ActiveCfg = Release|Any CPU
		{4588A759-3853-49B8-8A68-6C7917BE9220}.Release|x64.Build.0 = Release|Any CPU
		{4588A759-3853-49B8-8A68-6C7917BE9220}.Release|x86.ActiveCfg = Release|Any CPU
		{4588A759-3853-49B8-8A68-6C7917BE9220}.Release|x86.Build.0 = Release|Any CPU
		{EB1BBDCC-FB07-40D5-8B9E-0079E2C2F2DF}.Debug|Any CPU.ActiveCfg = Debug|Any CPU
		{EB1BBDCC-FB07-40D5-8B9E-0079E2C2F2DF}.Debug|Any CPU.Build.0 = Debug|Any CPU
		{EB1BBDCC-FB07-40D5-8B9E-0079E2C2F2DF}.Debug|ARM.ActiveCfg = Debug|Any CPU
		{EB1BBDCC-FB07-40D5-8B9E-0079E2C2F2DF}.Debug|ARM.Build.0 = Debug|Any CPU
		{EB1BBDCC-FB07-40D5-8B9E-0079E2C2F2DF}.Debug|iPhone.ActiveCfg = Debug|Any CPU
		{EB1BBDCC-FB07-40D5-8B9E-0079E2C2F2DF}.Debug|iPhone.Build.0 = Debug|Any CPU
		{EB1BBDCC-FB07-40D5-8B9E-0079E2C2F2DF}.Debug|iPhoneSimulator.ActiveCfg = Debug|Any CPU
		{EB1BBDCC-FB07-40D5-8B9E-0079E2C2F2DF}.Debug|iPhoneSimulator.Build.0 = Debug|Any CPU
		{EB1BBDCC-FB07-40D5-8B9E-0079E2C2F2DF}.Debug|x64.ActiveCfg = Debug|Any CPU
		{EB1BBDCC-FB07-40D5-8B9E-0079E2C2F2DF}.Debug|x64.Build.0 = Debug|Any CPU
		{EB1BBDCC-FB07-40D5-8B9E-0079E2C2F2DF}.Debug|x86.ActiveCfg = Debug|Any CPU
		{EB1BBDCC-FB07-40D5-8B9E-0079E2C2F2DF}.Debug|x86.Build.0 = Debug|Any CPU
		{EB1BBDCC-FB07-40D5-8B9E-0079E2C2F2DF}.Release|Any CPU.ActiveCfg = Release|Any CPU
		{EB1BBDCC-FB07-40D5-8B9E-0079E2C2F2DF}.Release|Any CPU.Build.0 = Release|Any CPU
		{EB1BBDCC-FB07-40D5-8B9E-0079E2C2F2DF}.Release|ARM.ActiveCfg = Release|Any CPU
		{EB1BBDCC-FB07-40D5-8B9E-0079E2C2F2DF}.Release|ARM.Build.0 = Release|Any CPU
		{EB1BBDCC-FB07-40D5-8B9E-0079E2C2F2DF}.Release|iPhone.ActiveCfg = Release|Any CPU
		{EB1BBDCC-FB07-40D5-8B9E-0079E2C2F2DF}.Release|iPhone.Build.0 = Release|Any CPU
		{EB1BBDCC-FB07-40D5-8B9E-0079E2C2F2DF}.Release|iPhoneSimulator.ActiveCfg = Release|Any CPU
		{EB1BBDCC-FB07-40D5-8B9E-0079E2C2F2DF}.Release|iPhoneSimulator.Build.0 = Release|Any CPU
		{EB1BBDCC-FB07-40D5-8B9E-0079E2C2F2DF}.Release|x64.ActiveCfg = Release|Any CPU
		{EB1BBDCC-FB07-40D5-8B9E-0079E2C2F2DF}.Release|x64.Build.0 = Release|Any CPU
		{EB1BBDCC-FB07-40D5-8B9E-0079E2C2F2DF}.Release|x86.ActiveCfg = Release|Any CPU
		{EB1BBDCC-FB07-40D5-8B9E-0079E2C2F2DF}.Release|x86.Build.0 = Release|Any CPU
		{BAB615AA-956E-4079-B260-DD7B1F52EC7D}.Debug|Any CPU.ActiveCfg = Debug|Any CPU
		{BAB615AA-956E-4079-B260-DD7B1F52EC7D}.Debug|Any CPU.Build.0 = Debug|Any CPU
		{BAB615AA-956E-4079-B260-DD7B1F52EC7D}.Debug|ARM.ActiveCfg = Debug|Any CPU
		{BAB615AA-956E-4079-B260-DD7B1F52EC7D}.Debug|ARM.Build.0 = Debug|Any CPU
		{BAB615AA-956E-4079-B260-DD7B1F52EC7D}.Debug|iPhone.ActiveCfg = Debug|Any CPU
		{BAB615AA-956E-4079-B260-DD7B1F52EC7D}.Debug|iPhone.Build.0 = Debug|Any CPU
		{BAB615AA-956E-4079-B260-DD7B1F52EC7D}.Debug|iPhoneSimulator.ActiveCfg = Debug|Any CPU
		{BAB615AA-956E-4079-B260-DD7B1F52EC7D}.Debug|iPhoneSimulator.Build.0 = Debug|Any CPU
		{BAB615AA-956E-4079-B260-DD7B1F52EC7D}.Debug|x64.ActiveCfg = Debug|Any CPU
		{BAB615AA-956E-4079-B260-DD7B1F52EC7D}.Debug|x64.Build.0 = Debug|Any CPU
		{BAB615AA-956E-4079-B260-DD7B1F52EC7D}.Debug|x86.ActiveCfg = Debug|Any CPU
		{BAB615AA-956E-4079-B260-DD7B1F52EC7D}.Debug|x86.Build.0 = Debug|Any CPU
		{BAB615AA-956E-4079-B260-DD7B1F52EC7D}.Release|Any CPU.ActiveCfg = Release|Any CPU
		{BAB615AA-956E-4079-B260-DD7B1F52EC7D}.Release|Any CPU.Build.0 = Release|Any CPU
		{BAB615AA-956E-4079-B260-DD7B1F52EC7D}.Release|ARM.ActiveCfg = Release|Any CPU
		{BAB615AA-956E-4079-B260-DD7B1F52EC7D}.Release|ARM.Build.0 = Release|Any CPU
		{BAB615AA-956E-4079-B260-DD7B1F52EC7D}.Release|iPhone.ActiveCfg = Release|Any CPU
		{BAB615AA-956E-4079-B260-DD7B1F52EC7D}.Release|iPhone.Build.0 = Release|Any CPU
		{BAB615AA-956E-4079-B260-DD7B1F52EC7D}.Release|iPhoneSimulator.ActiveCfg = Release|Any CPU
		{BAB615AA-956E-4079-B260-DD7B1F52EC7D}.Release|iPhoneSimulator.Build.0 = Release|Any CPU
		{BAB615AA-956E-4079-B260-DD7B1F52EC7D}.Release|x64.ActiveCfg = Release|Any CPU
		{BAB615AA-956E-4079-B260-DD7B1F52EC7D}.Release|x64.Build.0 = Release|Any CPU
		{BAB615AA-956E-4079-B260-DD7B1F52EC7D}.Release|x86.ActiveCfg = Release|Any CPU
		{BAB615AA-956E-4079-B260-DD7B1F52EC7D}.Release|x86.Build.0 = Release|Any CPU
		{743CF830-D458-41A9-865A-F85126562015}.Debug|Any CPU.ActiveCfg = Debug|Any CPU
		{743CF830-D458-41A9-865A-F85126562015}.Debug|Any CPU.Build.0 = Debug|Any CPU
		{743CF830-D458-41A9-865A-F85126562015}.Debug|ARM.ActiveCfg = Debug|Any CPU
		{743CF830-D458-41A9-865A-F85126562015}.Debug|ARM.Build.0 = Debug|Any CPU
		{743CF830-D458-41A9-865A-F85126562015}.Debug|iPhone.ActiveCfg = Debug|Any CPU
		{743CF830-D458-41A9-865A-F85126562015}.Debug|iPhone.Build.0 = Debug|Any CPU
		{743CF830-D458-41A9-865A-F85126562015}.Debug|iPhoneSimulator.ActiveCfg = Debug|Any CPU
		{743CF830-D458-41A9-865A-F85126562015}.Debug|iPhoneSimulator.Build.0 = Debug|Any CPU
		{743CF830-D458-41A9-865A-F85126562015}.Debug|x64.ActiveCfg = Debug|Any CPU
		{743CF830-D458-41A9-865A-F85126562015}.Debug|x64.Build.0 = Debug|Any CPU
		{743CF830-D458-41A9-865A-F85126562015}.Debug|x86.ActiveCfg = Debug|Any CPU
		{743CF830-D458-41A9-865A-F85126562015}.Debug|x86.Build.0 = Debug|Any CPU
		{743CF830-D458-41A9-865A-F85126562015}.Release|Any CPU.ActiveCfg = Release|Any CPU
		{743CF830-D458-41A9-865A-F85126562015}.Release|Any CPU.Build.0 = Release|Any CPU
		{743CF830-D458-41A9-865A-F85126562015}.Release|ARM.ActiveCfg = Release|Any CPU
		{743CF830-D458-41A9-865A-F85126562015}.Release|ARM.Build.0 = Release|Any CPU
		{743CF830-D458-41A9-865A-F85126562015}.Release|iPhone.ActiveCfg = Release|Any CPU
		{743CF830-D458-41A9-865A-F85126562015}.Release|iPhone.Build.0 = Release|Any CPU
		{743CF830-D458-41A9-865A-F85126562015}.Release|iPhoneSimulator.ActiveCfg = Release|Any CPU
		{743CF830-D458-41A9-865A-F85126562015}.Release|iPhoneSimulator.Build.0 = Release|Any CPU
		{743CF830-D458-41A9-865A-F85126562015}.Release|x64.ActiveCfg = Release|Any CPU
		{743CF830-D458-41A9-865A-F85126562015}.Release|x64.Build.0 = Release|Any CPU
		{743CF830-D458-41A9-865A-F85126562015}.Release|x86.ActiveCfg = Release|Any CPU
		{743CF830-D458-41A9-865A-F85126562015}.Release|x86.Build.0 = Release|Any CPU
		{4E0924F8-D546-4428-9412-4B9411FBA5FF}.Debug|Any CPU.ActiveCfg = Debug|Any CPU
		{4E0924F8-D546-4428-9412-4B9411FBA5FF}.Debug|Any CPU.Build.0 = Debug|Any CPU
		{4E0924F8-D546-4428-9412-4B9411FBA5FF}.Debug|ARM.ActiveCfg = Debug|Any CPU
		{4E0924F8-D546-4428-9412-4B9411FBA5FF}.Debug|ARM.Build.0 = Debug|Any CPU
		{4E0924F8-D546-4428-9412-4B9411FBA5FF}.Debug|iPhone.ActiveCfg = Debug|Any CPU
		{4E0924F8-D546-4428-9412-4B9411FBA5FF}.Debug|iPhone.Build.0 = Debug|Any CPU
		{4E0924F8-D546-4428-9412-4B9411FBA5FF}.Debug|iPhoneSimulator.ActiveCfg = Debug|Any CPU
		{4E0924F8-D546-4428-9412-4B9411FBA5FF}.Debug|iPhoneSimulator.Build.0 = Debug|Any CPU
		{4E0924F8-D546-4428-9412-4B9411FBA5FF}.Debug|x64.ActiveCfg = Debug|Any CPU
		{4E0924F8-D546-4428-9412-4B9411FBA5FF}.Debug|x64.Build.0 = Debug|Any CPU
		{4E0924F8-D546-4428-9412-4B9411FBA5FF}.Debug|x86.ActiveCfg = Debug|Any CPU
		{4E0924F8-D546-4428-9412-4B9411FBA5FF}.Debug|x86.Build.0 = Debug|Any CPU
		{4E0924F8-D546-4428-9412-4B9411FBA5FF}.Release|Any CPU.ActiveCfg = Release|Any CPU
		{4E0924F8-D546-4428-9412-4B9411FBA5FF}.Release|Any CPU.Build.0 = Release|Any CPU
		{4E0924F8-D546-4428-9412-4B9411FBA5FF}.Release|ARM.ActiveCfg = Release|Any CPU
		{4E0924F8-D546-4428-9412-4B9411FBA5FF}.Release|ARM.Build.0 = Release|Any CPU
		{4E0924F8-D546-4428-9412-4B9411FBA5FF}.Release|iPhone.ActiveCfg = Release|Any CPU
		{4E0924F8-D546-4428-9412-4B9411FBA5FF}.Release|iPhone.Build.0 = Release|Any CPU
		{4E0924F8-D546-4428-9412-4B9411FBA5FF}.Release|iPhoneSimulator.ActiveCfg = Release|Any CPU
		{4E0924F8-D546-4428-9412-4B9411FBA5FF}.Release|iPhoneSimulator.Build.0 = Release|Any CPU
		{4E0924F8-D546-4428-9412-4B9411FBA5FF}.Release|x64.ActiveCfg = Release|Any CPU
		{4E0924F8-D546-4428-9412-4B9411FBA5FF}.Release|x64.Build.0 = Release|Any CPU
		{4E0924F8-D546-4428-9412-4B9411FBA5FF}.Release|x86.ActiveCfg = Release|Any CPU
		{4E0924F8-D546-4428-9412-4B9411FBA5FF}.Release|x86.Build.0 = Release|Any CPU
		{8071A579-959D-4ED4-B05F-4DACAFEFA271}.Debug|Any CPU.ActiveCfg = Debug|Any CPU
		{8071A579-959D-4ED4-B05F-4DACAFEFA271}.Debug|Any CPU.Build.0 = Debug|Any CPU
		{8071A579-959D-4ED4-B05F-4DACAFEFA271}.Debug|ARM.ActiveCfg = Debug|Any CPU
		{8071A579-959D-4ED4-B05F-4DACAFEFA271}.Debug|ARM.Build.0 = Debug|Any CPU
		{8071A579-959D-4ED4-B05F-4DACAFEFA271}.Debug|iPhone.ActiveCfg = Debug|Any CPU
		{8071A579-959D-4ED4-B05F-4DACAFEFA271}.Debug|iPhone.Build.0 = Debug|Any CPU
		{8071A579-959D-4ED4-B05F-4DACAFEFA271}.Debug|iPhoneSimulator.ActiveCfg = Debug|Any CPU
		{8071A579-959D-4ED4-B05F-4DACAFEFA271}.Debug|iPhoneSimulator.Build.0 = Debug|Any CPU
		{8071A579-959D-4ED4-B05F-4DACAFEFA271}.Debug|x64.ActiveCfg = Debug|Any CPU
		{8071A579-959D-4ED4-B05F-4DACAFEFA271}.Debug|x64.Build.0 = Debug|Any CPU
		{8071A579-959D-4ED4-B05F-4DACAFEFA271}.Debug|x86.ActiveCfg = Debug|Any CPU
		{8071A579-959D-4ED4-B05F-4DACAFEFA271}.Debug|x86.Build.0 = Debug|Any CPU
		{8071A579-959D-4ED4-B05F-4DACAFEFA271}.Release|Any CPU.ActiveCfg = Release|Any CPU
		{8071A579-959D-4ED4-B05F-4DACAFEFA271}.Release|Any CPU.Build.0 = Release|Any CPU
		{8071A579-959D-4ED4-B05F-4DACAFEFA271}.Release|ARM.ActiveCfg = Release|Any CPU
		{8071A579-959D-4ED4-B05F-4DACAFEFA271}.Release|ARM.Build.0 = Release|Any CPU
		{8071A579-959D-4ED4-B05F-4DACAFEFA271}.Release|iPhone.ActiveCfg = Release|Any CPU
		{8071A579-959D-4ED4-B05F-4DACAFEFA271}.Release|iPhone.Build.0 = Release|Any CPU
		{8071A579-959D-4ED4-B05F-4DACAFEFA271}.Release|iPhoneSimulator.ActiveCfg = Release|Any CPU
		{8071A579-959D-4ED4-B05F-4DACAFEFA271}.Release|iPhoneSimulator.Build.0 = Release|Any CPU
		{8071A579-959D-4ED4-B05F-4DACAFEFA271}.Release|x64.ActiveCfg = Release|Any CPU
		{8071A579-959D-4ED4-B05F-4DACAFEFA271}.Release|x64.Build.0 = Release|Any CPU
		{8071A579-959D-4ED4-B05F-4DACAFEFA271}.Release|x86.ActiveCfg = Release|Any CPU
		{8071A579-959D-4ED4-B05F-4DACAFEFA271}.Release|x86.Build.0 = Release|Any CPU
		{99411A8A-1F8C-469C-AC10-E72F28EDB376}.Debug|Any CPU.ActiveCfg = Debug|Any CPU
		{99411A8A-1F8C-469C-AC10-E72F28EDB376}.Debug|Any CPU.Build.0 = Debug|Any CPU
		{99411A8A-1F8C-469C-AC10-E72F28EDB376}.Debug|ARM.ActiveCfg = Debug|Any CPU
		{99411A8A-1F8C-469C-AC10-E72F28EDB376}.Debug|ARM.Build.0 = Debug|Any CPU
		{99411A8A-1F8C-469C-AC10-E72F28EDB376}.Debug|iPhone.ActiveCfg = Debug|Any CPU
		{99411A8A-1F8C-469C-AC10-E72F28EDB376}.Debug|iPhone.Build.0 = Debug|Any CPU
		{99411A8A-1F8C-469C-AC10-E72F28EDB376}.Debug|iPhoneSimulator.ActiveCfg = Debug|Any CPU
		{99411A8A-1F8C-469C-AC10-E72F28EDB376}.Debug|iPhoneSimulator.Build.0 = Debug|Any CPU
		{99411A8A-1F8C-469C-AC10-E72F28EDB376}.Debug|x64.ActiveCfg = Debug|Any CPU
		{99411A8A-1F8C-469C-AC10-E72F28EDB376}.Debug|x64.Build.0 = Debug|Any CPU
		{99411A8A-1F8C-469C-AC10-E72F28EDB376}.Debug|x86.ActiveCfg = Debug|Any CPU
		{99411A8A-1F8C-469C-AC10-E72F28EDB376}.Debug|x86.Build.0 = Debug|Any CPU
		{99411A8A-1F8C-469C-AC10-E72F28EDB376}.Release|Any CPU.ActiveCfg = Release|Any CPU
		{99411A8A-1F8C-469C-AC10-E72F28EDB376}.Release|Any CPU.Build.0 = Release|Any CPU
		{99411A8A-1F8C-469C-AC10-E72F28EDB376}.Release|ARM.ActiveCfg = Release|Any CPU
		{99411A8A-1F8C-469C-AC10-E72F28EDB376}.Release|ARM.Build.0 = Release|Any CPU
		{99411A8A-1F8C-469C-AC10-E72F28EDB376}.Release|iPhone.ActiveCfg = Release|Any CPU
		{99411A8A-1F8C-469C-AC10-E72F28EDB376}.Release|iPhone.Build.0 = Release|Any CPU
		{99411A8A-1F8C-469C-AC10-E72F28EDB376}.Release|iPhoneSimulator.ActiveCfg = Release|Any CPU
		{99411A8A-1F8C-469C-AC10-E72F28EDB376}.Release|iPhoneSimulator.Build.0 = Release|Any CPU
		{99411A8A-1F8C-469C-AC10-E72F28EDB376}.Release|x64.ActiveCfg = Release|Any CPU
		{99411A8A-1F8C-469C-AC10-E72F28EDB376}.Release|x64.Build.0 = Release|Any CPU
		{99411A8A-1F8C-469C-AC10-E72F28EDB376}.Release|x86.ActiveCfg = Release|Any CPU
		{99411A8A-1F8C-469C-AC10-E72F28EDB376}.Release|x86.Build.0 = Release|Any CPU
		{67A502A4-E8B2-419A-811E-5A634B29C8D7}.Debug|Any CPU.ActiveCfg = Debug|Any CPU
		{67A502A4-E8B2-419A-811E-5A634B29C8D7}.Debug|Any CPU.Build.0 = Debug|Any CPU
		{67A502A4-E8B2-419A-811E-5A634B29C8D7}.Debug|ARM.ActiveCfg = Debug|Any CPU
		{67A502A4-E8B2-419A-811E-5A634B29C8D7}.Debug|ARM.Build.0 = Debug|Any CPU
		{67A502A4-E8B2-419A-811E-5A634B29C8D7}.Debug|iPhone.ActiveCfg = Debug|Any CPU
		{67A502A4-E8B2-419A-811E-5A634B29C8D7}.Debug|iPhone.Build.0 = Debug|Any CPU
		{67A502A4-E8B2-419A-811E-5A634B29C8D7}.Debug|iPhoneSimulator.ActiveCfg = Debug|Any CPU
		{67A502A4-E8B2-419A-811E-5A634B29C8D7}.Debug|iPhoneSimulator.Build.0 = Debug|Any CPU
		{67A502A4-E8B2-419A-811E-5A634B29C8D7}.Debug|x64.ActiveCfg = Debug|Any CPU
		{67A502A4-E8B2-419A-811E-5A634B29C8D7}.Debug|x64.Build.0 = Debug|Any CPU
		{67A502A4-E8B2-419A-811E-5A634B29C8D7}.Debug|x86.ActiveCfg = Debug|Any CPU
		{67A502A4-E8B2-419A-811E-5A634B29C8D7}.Debug|x86.Build.0 = Debug|Any CPU
		{67A502A4-E8B2-419A-811E-5A634B29C8D7}.Release|Any CPU.ActiveCfg = Release|Any CPU
		{67A502A4-E8B2-419A-811E-5A634B29C8D7}.Release|Any CPU.Build.0 = Release|Any CPU
		{67A502A4-E8B2-419A-811E-5A634B29C8D7}.Release|ARM.ActiveCfg = Release|Any CPU
		{67A502A4-E8B2-419A-811E-5A634B29C8D7}.Release|ARM.Build.0 = Release|Any CPU
		{67A502A4-E8B2-419A-811E-5A634B29C8D7}.Release|iPhone.ActiveCfg = Release|Any CPU
		{67A502A4-E8B2-419A-811E-5A634B29C8D7}.Release|iPhone.Build.0 = Release|Any CPU
		{67A502A4-E8B2-419A-811E-5A634B29C8D7}.Release|iPhoneSimulator.ActiveCfg = Release|Any CPU
		{67A502A4-E8B2-419A-811E-5A634B29C8D7}.Release|iPhoneSimulator.Build.0 = Release|Any CPU
		{67A502A4-E8B2-419A-811E-5A634B29C8D7}.Release|x64.ActiveCfg = Release|Any CPU
		{67A502A4-E8B2-419A-811E-5A634B29C8D7}.Release|x64.Build.0 = Release|Any CPU
		{67A502A4-E8B2-419A-811E-5A634B29C8D7}.Release|x86.ActiveCfg = Release|Any CPU
		{67A502A4-E8B2-419A-811E-5A634B29C8D7}.Release|x86.Build.0 = Release|Any CPU
		{1A87975A-FCF4-4E76-B42C-520759758F59}.Debug|Any CPU.ActiveCfg = Debug|Any CPU
		{1A87975A-FCF4-4E76-B42C-520759758F59}.Debug|Any CPU.Build.0 = Debug|Any CPU
		{1A87975A-FCF4-4E76-B42C-520759758F59}.Debug|Any CPU.Deploy.0 = Debug|Any CPU
		{1A87975A-FCF4-4E76-B42C-520759758F59}.Debug|ARM.ActiveCfg = Debug|Any CPU
		{1A87975A-FCF4-4E76-B42C-520759758F59}.Debug|ARM.Build.0 = Debug|Any CPU
		{1A87975A-FCF4-4E76-B42C-520759758F59}.Debug|ARM.Deploy.0 = Debug|Any CPU
		{1A87975A-FCF4-4E76-B42C-520759758F59}.Debug|iPhone.ActiveCfg = Debug|Any CPU
		{1A87975A-FCF4-4E76-B42C-520759758F59}.Debug|iPhone.Build.0 = Debug|Any CPU
		{1A87975A-FCF4-4E76-B42C-520759758F59}.Debug|iPhone.Deploy.0 = Debug|Any CPU
		{1A87975A-FCF4-4E76-B42C-520759758F59}.Debug|iPhoneSimulator.ActiveCfg = Debug|Any CPU
		{1A87975A-FCF4-4E76-B42C-520759758F59}.Debug|iPhoneSimulator.Build.0 = Debug|Any CPU
		{1A87975A-FCF4-4E76-B42C-520759758F59}.Debug|iPhoneSimulator.Deploy.0 = Debug|Any CPU
		{1A87975A-FCF4-4E76-B42C-520759758F59}.Debug|x64.ActiveCfg = Debug|Any CPU
		{1A87975A-FCF4-4E76-B42C-520759758F59}.Debug|x64.Build.0 = Debug|Any CPU
		{1A87975A-FCF4-4E76-B42C-520759758F59}.Debug|x64.Deploy.0 = Debug|Any CPU
		{1A87975A-FCF4-4E76-B42C-520759758F59}.Debug|x86.ActiveCfg = Debug|Any CPU
		{1A87975A-FCF4-4E76-B42C-520759758F59}.Debug|x86.Build.0 = Debug|Any CPU
		{1A87975A-FCF4-4E76-B42C-520759758F59}.Debug|x86.Deploy.0 = Debug|Any CPU
		{1A87975A-FCF4-4E76-B42C-520759758F59}.Release|Any CPU.ActiveCfg = Release|Any CPU
		{1A87975A-FCF4-4E76-B42C-520759758F59}.Release|Any CPU.Build.0 = Release|Any CPU
		{1A87975A-FCF4-4E76-B42C-520759758F59}.Release|Any CPU.Deploy.0 = Release|Any CPU
		{1A87975A-FCF4-4E76-B42C-520759758F59}.Release|ARM.ActiveCfg = Release|Any CPU
		{1A87975A-FCF4-4E76-B42C-520759758F59}.Release|ARM.Build.0 = Release|Any CPU
		{1A87975A-FCF4-4E76-B42C-520759758F59}.Release|ARM.Deploy.0 = Release|Any CPU
		{1A87975A-FCF4-4E76-B42C-520759758F59}.Release|iPhone.ActiveCfg = Release|Any CPU
		{1A87975A-FCF4-4E76-B42C-520759758F59}.Release|iPhone.Build.0 = Release|Any CPU
		{1A87975A-FCF4-4E76-B42C-520759758F59}.Release|iPhone.Deploy.0 = Release|Any CPU
		{1A87975A-FCF4-4E76-B42C-520759758F59}.Release|iPhoneSimulator.ActiveCfg = Release|Any CPU
		{1A87975A-FCF4-4E76-B42C-520759758F59}.Release|iPhoneSimulator.Build.0 = Release|Any CPU
		{1A87975A-FCF4-4E76-B42C-520759758F59}.Release|iPhoneSimulator.Deploy.0 = Release|Any CPU
		{1A87975A-FCF4-4E76-B42C-520759758F59}.Release|x64.ActiveCfg = Release|Any CPU
		{1A87975A-FCF4-4E76-B42C-520759758F59}.Release|x64.Build.0 = Release|Any CPU
		{1A87975A-FCF4-4E76-B42C-520759758F59}.Release|x64.Deploy.0 = Release|Any CPU
		{1A87975A-FCF4-4E76-B42C-520759758F59}.Release|x86.ActiveCfg = Release|Any CPU
		{1A87975A-FCF4-4E76-B42C-520759758F59}.Release|x86.Build.0 = Release|Any CPU
		{1A87975A-FCF4-4E76-B42C-520759758F59}.Release|x86.Deploy.0 = Release|Any CPU
		{6046F8C0-94A1-4590-96E1-727BD3976481}.Debug|Any CPU.ActiveCfg = Debug|iPhoneSimulator
		{6046F8C0-94A1-4590-96E1-727BD3976481}.Debug|Any CPU.Build.0 = Debug|iPhoneSimulator
		{6046F8C0-94A1-4590-96E1-727BD3976481}.Debug|ARM.ActiveCfg = Debug|iPhone
		{6046F8C0-94A1-4590-96E1-727BD3976481}.Debug|ARM.Build.0 = Debug|iPhone
		{6046F8C0-94A1-4590-96E1-727BD3976481}.Debug|iPhone.ActiveCfg = Debug|iPhone
		{6046F8C0-94A1-4590-96E1-727BD3976481}.Debug|iPhone.Build.0 = Debug|iPhone
		{6046F8C0-94A1-4590-96E1-727BD3976481}.Debug|iPhoneSimulator.ActiveCfg = Debug|iPhoneSimulator
		{6046F8C0-94A1-4590-96E1-727BD3976481}.Debug|iPhoneSimulator.Build.0 = Debug|iPhoneSimulator
		{6046F8C0-94A1-4590-96E1-727BD3976481}.Debug|x64.ActiveCfg = Debug|iPhoneSimulator
		{6046F8C0-94A1-4590-96E1-727BD3976481}.Debug|x64.Build.0 = Debug|iPhoneSimulator
		{6046F8C0-94A1-4590-96E1-727BD3976481}.Debug|x86.ActiveCfg = Debug|iPhoneSimulator
		{6046F8C0-94A1-4590-96E1-727BD3976481}.Debug|x86.Build.0 = Debug|iPhoneSimulator
		{6046F8C0-94A1-4590-96E1-727BD3976481}.Release|Any CPU.ActiveCfg = Release|iPhoneSimulator
		{6046F8C0-94A1-4590-96E1-727BD3976481}.Release|Any CPU.Build.0 = Release|iPhoneSimulator
		{6046F8C0-94A1-4590-96E1-727BD3976481}.Release|ARM.ActiveCfg = Release|iPhone
		{6046F8C0-94A1-4590-96E1-727BD3976481}.Release|ARM.Build.0 = Release|iPhone
		{6046F8C0-94A1-4590-96E1-727BD3976481}.Release|iPhone.ActiveCfg = Release|iPhone
		{6046F8C0-94A1-4590-96E1-727BD3976481}.Release|iPhone.Build.0 = Release|iPhone
		{6046F8C0-94A1-4590-96E1-727BD3976481}.Release|iPhoneSimulator.ActiveCfg = Release|iPhoneSimulator
		{6046F8C0-94A1-4590-96E1-727BD3976481}.Release|iPhoneSimulator.Build.0 = Release|iPhoneSimulator
		{6046F8C0-94A1-4590-96E1-727BD3976481}.Release|x64.ActiveCfg = Release|iPhoneSimulator
		{6046F8C0-94A1-4590-96E1-727BD3976481}.Release|x64.Build.0 = Release|iPhoneSimulator
		{6046F8C0-94A1-4590-96E1-727BD3976481}.Release|x86.ActiveCfg = Release|iPhoneSimulator
		{6046F8C0-94A1-4590-96E1-727BD3976481}.Release|x86.Build.0 = Release|iPhoneSimulator
		{8D2128D5-9893-4869-8F69-6AD16779AC64}.Debug|Any CPU.ActiveCfg = Debug|x86
		{8D2128D5-9893-4869-8F69-6AD16779AC64}.Debug|Any CPU.Build.0 = Debug|x86
		{8D2128D5-9893-4869-8F69-6AD16779AC64}.Debug|Any CPU.Deploy.0 = Debug|x86
		{8D2128D5-9893-4869-8F69-6AD16779AC64}.Debug|ARM.ActiveCfg = Debug|ARM
		{8D2128D5-9893-4869-8F69-6AD16779AC64}.Debug|ARM.Build.0 = Debug|ARM
		{8D2128D5-9893-4869-8F69-6AD16779AC64}.Debug|ARM.Deploy.0 = Debug|ARM
		{8D2128D5-9893-4869-8F69-6AD16779AC64}.Debug|iPhone.ActiveCfg = Debug|ARM
		{8D2128D5-9893-4869-8F69-6AD16779AC64}.Debug|iPhone.Build.0 = Debug|ARM
		{8D2128D5-9893-4869-8F69-6AD16779AC64}.Debug|iPhone.Deploy.0 = Debug|ARM
		{8D2128D5-9893-4869-8F69-6AD16779AC64}.Debug|iPhoneSimulator.ActiveCfg = Debug|x86
		{8D2128D5-9893-4869-8F69-6AD16779AC64}.Debug|iPhoneSimulator.Build.0 = Debug|x86
		{8D2128D5-9893-4869-8F69-6AD16779AC64}.Debug|iPhoneSimulator.Deploy.0 = Debug|x86
		{8D2128D5-9893-4869-8F69-6AD16779AC64}.Debug|x64.ActiveCfg = Debug|x64
		{8D2128D5-9893-4869-8F69-6AD16779AC64}.Debug|x64.Build.0 = Debug|x64
		{8D2128D5-9893-4869-8F69-6AD16779AC64}.Debug|x64.Deploy.0 = Debug|x64
		{8D2128D5-9893-4869-8F69-6AD16779AC64}.Debug|x86.ActiveCfg = Debug|x86
		{8D2128D5-9893-4869-8F69-6AD16779AC64}.Debug|x86.Build.0 = Debug|x86
		{8D2128D5-9893-4869-8F69-6AD16779AC64}.Debug|x86.Deploy.0 = Debug|x86
		{8D2128D5-9893-4869-8F69-6AD16779AC64}.Release|Any CPU.ActiveCfg = Release|x86
		{8D2128D5-9893-4869-8F69-6AD16779AC64}.Release|Any CPU.Build.0 = Release|x86
		{8D2128D5-9893-4869-8F69-6AD16779AC64}.Release|Any CPU.Deploy.0 = Release|x86
		{8D2128D5-9893-4869-8F69-6AD16779AC64}.Release|ARM.ActiveCfg = Release|ARM
		{8D2128D5-9893-4869-8F69-6AD16779AC64}.Release|ARM.Build.0 = Release|ARM
		{8D2128D5-9893-4869-8F69-6AD16779AC64}.Release|ARM.Deploy.0 = Release|ARM
		{8D2128D5-9893-4869-8F69-6AD16779AC64}.Release|iPhone.ActiveCfg = Release|ARM
		{8D2128D5-9893-4869-8F69-6AD16779AC64}.Release|iPhone.Build.0 = Release|ARM
		{8D2128D5-9893-4869-8F69-6AD16779AC64}.Release|iPhone.Deploy.0 = Release|ARM
		{8D2128D5-9893-4869-8F69-6AD16779AC64}.Release|iPhoneSimulator.ActiveCfg = Release|x86
		{8D2128D5-9893-4869-8F69-6AD16779AC64}.Release|iPhoneSimulator.Build.0 = Release|x86
		{8D2128D5-9893-4869-8F69-6AD16779AC64}.Release|iPhoneSimulator.Deploy.0 = Release|x86
		{8D2128D5-9893-4869-8F69-6AD16779AC64}.Release|x64.ActiveCfg = Release|x64
		{8D2128D5-9893-4869-8F69-6AD16779AC64}.Release|x64.Build.0 = Release|x64
		{8D2128D5-9893-4869-8F69-6AD16779AC64}.Release|x64.Deploy.0 = Release|x64
		{8D2128D5-9893-4869-8F69-6AD16779AC64}.Release|x86.ActiveCfg = Release|x86
		{8D2128D5-9893-4869-8F69-6AD16779AC64}.Release|x86.Build.0 = Release|x86
		{8D2128D5-9893-4869-8F69-6AD16779AC64}.Release|x86.Deploy.0 = Release|x86
		{B178E8E3-A5AD-4C98-B365-86E05EE53643}.Debug|Any CPU.ActiveCfg = Debug|Any CPU
		{B178E8E3-A5AD-4C98-B365-86E05EE53643}.Debug|Any CPU.Build.0 = Debug|Any CPU
		{B178E8E3-A5AD-4C98-B365-86E05EE53643}.Debug|ARM.ActiveCfg = Debug|Any CPU
		{B178E8E3-A5AD-4C98-B365-86E05EE53643}.Debug|ARM.Build.0 = Debug|Any CPU
		{B178E8E3-A5AD-4C98-B365-86E05EE53643}.Debug|iPhone.ActiveCfg = Debug|Any CPU
		{B178E8E3-A5AD-4C98-B365-86E05EE53643}.Debug|iPhone.Build.0 = Debug|Any CPU
		{B178E8E3-A5AD-4C98-B365-86E05EE53643}.Debug|iPhoneSimulator.ActiveCfg = Debug|Any CPU
		{B178E8E3-A5AD-4C98-B365-86E05EE53643}.Debug|iPhoneSimulator.Build.0 = Debug|Any CPU
		{B178E8E3-A5AD-4C98-B365-86E05EE53643}.Debug|x64.ActiveCfg = Debug|Any CPU
		{B178E8E3-A5AD-4C98-B365-86E05EE53643}.Debug|x64.Build.0 = Debug|Any CPU
		{B178E8E3-A5AD-4C98-B365-86E05EE53643}.Debug|x86.ActiveCfg = Debug|Any CPU
		{B178E8E3-A5AD-4C98-B365-86E05EE53643}.Debug|x86.Build.0 = Debug|Any CPU
		{B178E8E3-A5AD-4C98-B365-86E05EE53643}.Release|Any CPU.ActiveCfg = Release|Any CPU
		{B178E8E3-A5AD-4C98-B365-86E05EE53643}.Release|Any CPU.Build.0 = Release|Any CPU
		{B178E8E3-A5AD-4C98-B365-86E05EE53643}.Release|ARM.ActiveCfg = Release|Any CPU
		{B178E8E3-A5AD-4C98-B365-86E05EE53643}.Release|ARM.Build.0 = Release|Any CPU
		{B178E8E3-A5AD-4C98-B365-86E05EE53643}.Release|iPhone.ActiveCfg = Release|Any CPU
		{B178E8E3-A5AD-4C98-B365-86E05EE53643}.Release|iPhone.Build.0 = Release|Any CPU
		{B178E8E3-A5AD-4C98-B365-86E05EE53643}.Release|iPhoneSimulator.ActiveCfg = Release|Any CPU
		{B178E8E3-A5AD-4C98-B365-86E05EE53643}.Release|iPhoneSimulator.Build.0 = Release|Any CPU
		{B178E8E3-A5AD-4C98-B365-86E05EE53643}.Release|x64.ActiveCfg = Release|Any CPU
		{B178E8E3-A5AD-4C98-B365-86E05EE53643}.Release|x64.Build.0 = Release|Any CPU
		{B178E8E3-A5AD-4C98-B365-86E05EE53643}.Release|x86.ActiveCfg = Release|Any CPU
		{B178E8E3-A5AD-4C98-B365-86E05EE53643}.Release|x86.Build.0 = Release|Any CPU
		{1D7EC18C-1780-4C46-8736-A3661DA20AEE}.Debug|Any CPU.ActiveCfg = Debug|Any CPU
		{1D7EC18C-1780-4C46-8736-A3661DA20AEE}.Debug|Any CPU.Build.0 = Debug|Any CPU
		{1D7EC18C-1780-4C46-8736-A3661DA20AEE}.Debug|ARM.ActiveCfg = Debug|Any CPU
		{1D7EC18C-1780-4C46-8736-A3661DA20AEE}.Debug|ARM.Build.0 = Debug|Any CPU
		{1D7EC18C-1780-4C46-8736-A3661DA20AEE}.Debug|iPhone.ActiveCfg = Debug|Any CPU
		{1D7EC18C-1780-4C46-8736-A3661DA20AEE}.Debug|iPhone.Build.0 = Debug|Any CPU
		{1D7EC18C-1780-4C46-8736-A3661DA20AEE}.Debug|iPhoneSimulator.ActiveCfg = Debug|Any CPU
		{1D7EC18C-1780-4C46-8736-A3661DA20AEE}.Debug|iPhoneSimulator.Build.0 = Debug|Any CPU
		{1D7EC18C-1780-4C46-8736-A3661DA20AEE}.Debug|x64.ActiveCfg = Debug|Any CPU
		{1D7EC18C-1780-4C46-8736-A3661DA20AEE}.Debug|x64.Build.0 = Debug|Any CPU
		{1D7EC18C-1780-4C46-8736-A3661DA20AEE}.Debug|x86.ActiveCfg = Debug|Any CPU
		{1D7EC18C-1780-4C46-8736-A3661DA20AEE}.Debug|x86.Build.0 = Debug|Any CPU
		{1D7EC18C-1780-4C46-8736-A3661DA20AEE}.Release|Any CPU.ActiveCfg = Release|Any CPU
		{1D7EC18C-1780-4C46-8736-A3661DA20AEE}.Release|Any CPU.Build.0 = Release|Any CPU
		{1D7EC18C-1780-4C46-8736-A3661DA20AEE}.Release|ARM.ActiveCfg = Release|Any CPU
		{1D7EC18C-1780-4C46-8736-A3661DA20AEE}.Release|ARM.Build.0 = Release|Any CPU
		{1D7EC18C-1780-4C46-8736-A3661DA20AEE}.Release|iPhone.ActiveCfg = Release|Any CPU
		{1D7EC18C-1780-4C46-8736-A3661DA20AEE}.Release|iPhone.Build.0 = Release|Any CPU
		{1D7EC18C-1780-4C46-8736-A3661DA20AEE}.Release|iPhoneSimulator.ActiveCfg = Release|Any CPU
		{1D7EC18C-1780-4C46-8736-A3661DA20AEE}.Release|iPhoneSimulator.Build.0 = Release|Any CPU
		{1D7EC18C-1780-4C46-8736-A3661DA20AEE}.Release|x64.ActiveCfg = Release|Any CPU
		{1D7EC18C-1780-4C46-8736-A3661DA20AEE}.Release|x64.Build.0 = Release|Any CPU
		{1D7EC18C-1780-4C46-8736-A3661DA20AEE}.Release|x86.ActiveCfg = Release|Any CPU
		{1D7EC18C-1780-4C46-8736-A3661DA20AEE}.Release|x86.Build.0 = Release|Any CPU
		{291B7185-0811-45A0-AD96-9E3926B1123B}.Debug|Any CPU.ActiveCfg = Debug|Any CPU
		{291B7185-0811-45A0-AD96-9E3926B1123B}.Debug|Any CPU.Build.0 = Debug|Any CPU
		{291B7185-0811-45A0-AD96-9E3926B1123B}.Debug|ARM.ActiveCfg = Debug|Any CPU
		{291B7185-0811-45A0-AD96-9E3926B1123B}.Debug|ARM.Build.0 = Debug|Any CPU
		{291B7185-0811-45A0-AD96-9E3926B1123B}.Debug|iPhone.ActiveCfg = Debug|Any CPU
		{291B7185-0811-45A0-AD96-9E3926B1123B}.Debug|iPhone.Build.0 = Debug|Any CPU
		{291B7185-0811-45A0-AD96-9E3926B1123B}.Debug|iPhoneSimulator.ActiveCfg = Debug|Any CPU
		{291B7185-0811-45A0-AD96-9E3926B1123B}.Debug|iPhoneSimulator.Build.0 = Debug|Any CPU
		{291B7185-0811-45A0-AD96-9E3926B1123B}.Debug|x64.ActiveCfg = Debug|Any CPU
		{291B7185-0811-45A0-AD96-9E3926B1123B}.Debug|x64.Build.0 = Debug|Any CPU
		{291B7185-0811-45A0-AD96-9E3926B1123B}.Debug|x86.ActiveCfg = Debug|Any CPU
		{291B7185-0811-45A0-AD96-9E3926B1123B}.Debug|x86.Build.0 = Debug|Any CPU
		{291B7185-0811-45A0-AD96-9E3926B1123B}.Release|Any CPU.ActiveCfg = Release|Any CPU
		{291B7185-0811-45A0-AD96-9E3926B1123B}.Release|Any CPU.Build.0 = Release|Any CPU
		{291B7185-0811-45A0-AD96-9E3926B1123B}.Release|ARM.ActiveCfg = Release|Any CPU
		{291B7185-0811-45A0-AD96-9E3926B1123B}.Release|ARM.Build.0 = Release|Any CPU
		{291B7185-0811-45A0-AD96-9E3926B1123B}.Release|iPhone.ActiveCfg = Release|Any CPU
		{291B7185-0811-45A0-AD96-9E3926B1123B}.Release|iPhone.Build.0 = Release|Any CPU
		{291B7185-0811-45A0-AD96-9E3926B1123B}.Release|iPhoneSimulator.ActiveCfg = Release|Any CPU
		{291B7185-0811-45A0-AD96-9E3926B1123B}.Release|iPhoneSimulator.Build.0 = Release|Any CPU
		{291B7185-0811-45A0-AD96-9E3926B1123B}.Release|x64.ActiveCfg = Release|Any CPU
		{291B7185-0811-45A0-AD96-9E3926B1123B}.Release|x64.Build.0 = Release|Any CPU
		{291B7185-0811-45A0-AD96-9E3926B1123B}.Release|x86.ActiveCfg = Release|Any CPU
		{291B7185-0811-45A0-AD96-9E3926B1123B}.Release|x86.Build.0 = Release|Any CPU
		{1951D0E0-B47F-4608-982A-39F57828BFFA}.Debug|Any CPU.ActiveCfg = Debug|Any CPU
		{1951D0E0-B47F-4608-982A-39F57828BFFA}.Debug|Any CPU.Build.0 = Debug|Any CPU
		{1951D0E0-B47F-4608-982A-39F57828BFFA}.Debug|ARM.ActiveCfg = Debug|Any CPU
		{1951D0E0-B47F-4608-982A-39F57828BFFA}.Debug|ARM.Build.0 = Debug|Any CPU
		{1951D0E0-B47F-4608-982A-39F57828BFFA}.Debug|iPhone.ActiveCfg = Debug|Any CPU
		{1951D0E0-B47F-4608-982A-39F57828BFFA}.Debug|iPhone.Build.0 = Debug|Any CPU
		{1951D0E0-B47F-4608-982A-39F57828BFFA}.Debug|iPhoneSimulator.ActiveCfg = Debug|Any CPU
		{1951D0E0-B47F-4608-982A-39F57828BFFA}.Debug|iPhoneSimulator.Build.0 = Debug|Any CPU
		{1951D0E0-B47F-4608-982A-39F57828BFFA}.Debug|x64.ActiveCfg = Debug|Any CPU
		{1951D0E0-B47F-4608-982A-39F57828BFFA}.Debug|x64.Build.0 = Debug|Any CPU
		{1951D0E0-B47F-4608-982A-39F57828BFFA}.Debug|x86.ActiveCfg = Debug|Any CPU
		{1951D0E0-B47F-4608-982A-39F57828BFFA}.Debug|x86.Build.0 = Debug|Any CPU
		{1951D0E0-B47F-4608-982A-39F57828BFFA}.Release|Any CPU.ActiveCfg = Release|Any CPU
		{1951D0E0-B47F-4608-982A-39F57828BFFA}.Release|Any CPU.Build.0 = Release|Any CPU
		{1951D0E0-B47F-4608-982A-39F57828BFFA}.Release|ARM.ActiveCfg = Release|Any CPU
		{1951D0E0-B47F-4608-982A-39F57828BFFA}.Release|ARM.Build.0 = Release|Any CPU
		{1951D0E0-B47F-4608-982A-39F57828BFFA}.Release|iPhone.ActiveCfg = Release|Any CPU
		{1951D0E0-B47F-4608-982A-39F57828BFFA}.Release|iPhone.Build.0 = Release|Any CPU
		{1951D0E0-B47F-4608-982A-39F57828BFFA}.Release|iPhoneSimulator.ActiveCfg = Release|Any CPU
		{1951D0E0-B47F-4608-982A-39F57828BFFA}.Release|iPhoneSimulator.Build.0 = Release|Any CPU
		{1951D0E0-B47F-4608-982A-39F57828BFFA}.Release|x64.ActiveCfg = Release|Any CPU
		{1951D0E0-B47F-4608-982A-39F57828BFFA}.Release|x64.Build.0 = Release|Any CPU
		{1951D0E0-B47F-4608-982A-39F57828BFFA}.Release|x86.ActiveCfg = Release|Any CPU
		{1951D0E0-B47F-4608-982A-39F57828BFFA}.Release|x86.Build.0 = Release|Any CPU
		{17521786-7B50-46C5-BBCE-999FDEBB45A3}.Debug|Any CPU.ActiveCfg = Debug|Any CPU
		{17521786-7B50-46C5-BBCE-999FDEBB45A3}.Debug|Any CPU.Build.0 = Debug|Any CPU
		{17521786-7B50-46C5-BBCE-999FDEBB45A3}.Debug|ARM.ActiveCfg = Debug|Any CPU
		{17521786-7B50-46C5-BBCE-999FDEBB45A3}.Debug|ARM.Build.0 = Debug|Any CPU
		{17521786-7B50-46C5-BBCE-999FDEBB45A3}.Debug|iPhone.ActiveCfg = Debug|Any CPU
		{17521786-7B50-46C5-BBCE-999FDEBB45A3}.Debug|iPhone.Build.0 = Debug|Any CPU
		{17521786-7B50-46C5-BBCE-999FDEBB45A3}.Debug|iPhoneSimulator.ActiveCfg = Debug|Any CPU
		{17521786-7B50-46C5-BBCE-999FDEBB45A3}.Debug|iPhoneSimulator.Build.0 = Debug|Any CPU
		{17521786-7B50-46C5-BBCE-999FDEBB45A3}.Debug|x64.ActiveCfg = Debug|Any CPU
		{17521786-7B50-46C5-BBCE-999FDEBB45A3}.Debug|x64.Build.0 = Debug|Any CPU
		{17521786-7B50-46C5-BBCE-999FDEBB45A3}.Debug|x86.ActiveCfg = Debug|Any CPU
		{17521786-7B50-46C5-BBCE-999FDEBB45A3}.Debug|x86.Build.0 = Debug|Any CPU
		{17521786-7B50-46C5-BBCE-999FDEBB45A3}.Release|Any CPU.ActiveCfg = Release|Any CPU
		{17521786-7B50-46C5-BBCE-999FDEBB45A3}.Release|Any CPU.Build.0 = Release|Any CPU
		{17521786-7B50-46C5-BBCE-999FDEBB45A3}.Release|ARM.ActiveCfg = Release|Any CPU
		{17521786-7B50-46C5-BBCE-999FDEBB45A3}.Release|ARM.Build.0 = Release|Any CPU
		{17521786-7B50-46C5-BBCE-999FDEBB45A3}.Release|iPhone.ActiveCfg = Release|Any CPU
		{17521786-7B50-46C5-BBCE-999FDEBB45A3}.Release|iPhone.Build.0 = Release|Any CPU
		{17521786-7B50-46C5-BBCE-999FDEBB45A3}.Release|iPhoneSimulator.ActiveCfg = Release|Any CPU
		{17521786-7B50-46C5-BBCE-999FDEBB45A3}.Release|iPhoneSimulator.Build.0 = Release|Any CPU
		{17521786-7B50-46C5-BBCE-999FDEBB45A3}.Release|x64.ActiveCfg = Release|Any CPU
		{17521786-7B50-46C5-BBCE-999FDEBB45A3}.Release|x64.Build.0 = Release|Any CPU
		{17521786-7B50-46C5-BBCE-999FDEBB45A3}.Release|x86.ActiveCfg = Release|Any CPU
		{17521786-7B50-46C5-BBCE-999FDEBB45A3}.Release|x86.Build.0 = Release|Any CPU
		{CA0B9C88-2B3C-4464-A7BF-07C7FED8778A}.Debug|Any CPU.ActiveCfg = Debug|Any CPU
		{CA0B9C88-2B3C-4464-A7BF-07C7FED8778A}.Debug|Any CPU.Build.0 = Debug|Any CPU
		{CA0B9C88-2B3C-4464-A7BF-07C7FED8778A}.Debug|ARM.ActiveCfg = Debug|Any CPU
		{CA0B9C88-2B3C-4464-A7BF-07C7FED8778A}.Debug|ARM.Build.0 = Debug|Any CPU
		{CA0B9C88-2B3C-4464-A7BF-07C7FED8778A}.Debug|iPhone.ActiveCfg = Debug|Any CPU
		{CA0B9C88-2B3C-4464-A7BF-07C7FED8778A}.Debug|iPhone.Build.0 = Debug|Any CPU
		{CA0B9C88-2B3C-4464-A7BF-07C7FED8778A}.Debug|iPhoneSimulator.ActiveCfg = Debug|Any CPU
		{CA0B9C88-2B3C-4464-A7BF-07C7FED8778A}.Debug|iPhoneSimulator.Build.0 = Debug|Any CPU
		{CA0B9C88-2B3C-4464-A7BF-07C7FED8778A}.Debug|x64.ActiveCfg = Debug|Any CPU
		{CA0B9C88-2B3C-4464-A7BF-07C7FED8778A}.Debug|x64.Build.0 = Debug|Any CPU
		{CA0B9C88-2B3C-4464-A7BF-07C7FED8778A}.Debug|x86.ActiveCfg = Debug|Any CPU
		{CA0B9C88-2B3C-4464-A7BF-07C7FED8778A}.Debug|x86.Build.0 = Debug|Any CPU
		{CA0B9C88-2B3C-4464-A7BF-07C7FED8778A}.Release|Any CPU.ActiveCfg = Release|Any CPU
		{CA0B9C88-2B3C-4464-A7BF-07C7FED8778A}.Release|Any CPU.Build.0 = Release|Any CPU
		{CA0B9C88-2B3C-4464-A7BF-07C7FED8778A}.Release|ARM.ActiveCfg = Release|Any CPU
		{CA0B9C88-2B3C-4464-A7BF-07C7FED8778A}.Release|ARM.Build.0 = Release|Any CPU
		{CA0B9C88-2B3C-4464-A7BF-07C7FED8778A}.Release|iPhone.ActiveCfg = Release|Any CPU
		{CA0B9C88-2B3C-4464-A7BF-07C7FED8778A}.Release|iPhone.Build.0 = Release|Any CPU
		{CA0B9C88-2B3C-4464-A7BF-07C7FED8778A}.Release|iPhoneSimulator.ActiveCfg = Release|Any CPU
		{CA0B9C88-2B3C-4464-A7BF-07C7FED8778A}.Release|iPhoneSimulator.Build.0 = Release|Any CPU
		{CA0B9C88-2B3C-4464-A7BF-07C7FED8778A}.Release|x64.ActiveCfg = Release|Any CPU
		{CA0B9C88-2B3C-4464-A7BF-07C7FED8778A}.Release|x64.Build.0 = Release|Any CPU
		{CA0B9C88-2B3C-4464-A7BF-07C7FED8778A}.Release|x86.ActiveCfg = Release|Any CPU
		{CA0B9C88-2B3C-4464-A7BF-07C7FED8778A}.Release|x86.Build.0 = Release|Any CPU
	EndGlobalSection
	GlobalSection(SolutionProperties) = preSolution
		HideSolutionNode = FALSE
	EndGlobalSection
	GlobalSection(ExtensibilityGlobals) = postSolution
		SolutionGuid = {67EACD19-0CEA-4127-9842-549AA6FB84C9}
	EndGlobalSection
EndGlobal
